// !$*UTF8*$!
{
	archiveVersion = 1;
	classes = {
	};
	objectVersion = 56;
	objects = {

/* Begin PBXBuildFile section */
		3855EF952C16F9650037B169 /* HomeViewModel.swift in Sources */ = {isa = PBXBuildFile; fileRef = 3855EF942C16F9650037B169 /* HomeViewModel.swift */; };
		3855EF972C16FD1A0037B169 /* TimePeriod.swift in Sources */ = {isa = PBXBuildFile; fileRef = 3855EF962C16FD1A0037B169 /* TimePeriod.swift */; };
		3855EF992C16FEF40037B169 /* DetailViewButton.swift in Sources */ = {isa = PBXBuildFile; fileRef = 3855EF982C16FEF40037B169 /* DetailViewButton.swift */; };
		3855EF9B2C16FF2A0037B169 /* EmergencyCallButton.swift in Sources */ = {isa = PBXBuildFile; fileRef = 3855EF9A2C16FF2A0037B169 /* EmergencyCallButton.swift */; };
		3855EF9E2C1704000037B169 /* Calendar.swift in Sources */ = {isa = PBXBuildFile; fileRef = 3855EF9D2C1704000037B169 /* Calendar.swift */; };
		3855EFA22C1736600037B169 /* PasswordField.swift in Sources */ = {isa = PBXBuildFile; fileRef = 3855EFA12C1736600037B169 /* PasswordField.swift */; };
		38630DEF2C1AD9BA002671BD /* MedicationDetailViewModel.swift in Sources */ = {isa = PBXBuildFile; fileRef = 38630DEE2C1AD9BA002671BD /* MedicationDetailViewModel.swift */; };
		38630DF12C1ADA1C002671BD /* CostumAddButton.swift in Sources */ = {isa = PBXBuildFile; fileRef = 38630DF02C1ADA1C002671BD /* CostumAddButton.swift */; };
		38630DF72C1ADD03002671BD /* Medication.swift in Sources */ = {isa = PBXBuildFile; fileRef = 38630DF62C1ADD03002671BD /* Medication.swift */; };
		38630DFA2C1ADD61002671BD /* MedicationCardView.swift in Sources */ = {isa = PBXBuildFile; fileRef = 38630DF92C1ADD61002671BD /* MedicationCardView.swift */; };
		38630DFF2C1B218E002671BD /* AddMedicationSheetView.swift in Sources */ = {isa = PBXBuildFile; fileRef = 38630DFE2C1B218E002671BD /* AddMedicationSheetView.swift */; };
		38630E032C1B27D8002671BD /* EditMedicationSheetView.swift in Sources */ = {isa = PBXBuildFile; fileRef = 38630E022C1B27D8002671BD /* EditMedicationSheetView.swift */; };
		386DBD982C12B88B00FE3A41 /* MediGuardApp.swift in Sources */ = {isa = PBXBuildFile; fileRef = 386DBD972C12B88B00FE3A41 /* MediGuardApp.swift */; };
		386DBD9C2C12B88C00FE3A41 /* Assets.xcassets in Resources */ = {isa = PBXBuildFile; fileRef = 386DBD9B2C12B88C00FE3A41 /* Assets.xcassets */; };
		386DBD9F2C12B88C00FE3A41 /* Preview Assets.xcassets in Resources */ = {isa = PBXBuildFile; fileRef = 386DBD9E2C12B88C00FE3A41 /* Preview Assets.xcassets */; };
		386DBDA62C12B93200FE3A41 /* GoogleService-Info.plist in Resources */ = {isa = PBXBuildFile; fileRef = 386DBDA52C12B93200FE3A41 /* GoogleService-Info.plist */; };
		386DBDCC2C12C28100FE3A41 /* FirebaseManager.swift in Sources */ = {isa = PBXBuildFile; fileRef = 386DBDCB2C12C28100FE3A41 /* FirebaseManager.swift */; };
		386DBDCE2C12D88B00FE3A41 /* FireUser.swift in Sources */ = {isa = PBXBuildFile; fileRef = 386DBDCD2C12D88B00FE3A41 /* FireUser.swift */; };
		386DBDD02C12DABF00FE3A41 /* UserViewModel.swift in Sources */ = {isa = PBXBuildFile; fileRef = 386DBDCF2C12DABF00FE3A41 /* UserViewModel.swift */; };
		386DBDE32C12E27800FE3A41 /* AuthenticationView.swift in Sources */ = {isa = PBXBuildFile; fileRef = 386DBDE22C12E27800FE3A41 /* AuthenticationView.swift */; };
		386DBDE52C12E29700FE3A41 /* PrimaryButton.swift in Sources */ = {isa = PBXBuildFile; fileRef = 386DBDE42C12E29700FE3A41 /* PrimaryButton.swift */; };
		386DBDE72C12E2A100FE3A41 /* TextButton.swift in Sources */ = {isa = PBXBuildFile; fileRef = 386DBDE62C12E2A100FE3A41 /* TextButton.swift */; };
		386DBDE92C12E2D300FE3A41 /* AuthenticationMode.swift in Sources */ = {isa = PBXBuildFile; fileRef = 386DBDE82C12E2D300FE3A41 /* AuthenticationMode.swift */; };
		386DBDEE2C130BCF00FE3A41 /* HomeView.swift in Sources */ = {isa = PBXBuildFile; fileRef = 386DBDED2C130BCF00FE3A41 /* HomeView.swift */; };
		3886F3562C1800F6004C3203 /* MedicationDetailView.swift in Sources */ = {isa = PBXBuildFile; fileRef = 3886F3552C1800F6004C3203 /* MedicationDetailView.swift */; };
		3886F3582C18026F004C3203 /* SettingsButton.swift in Sources */ = {isa = PBXBuildFile; fileRef = 3886F3572C18026F004C3203 /* SettingsButton.swift */; };
		3886F35A2C18350A004C3203 /* SettingsView.swift in Sources */ = {isa = PBXBuildFile; fileRef = 3886F3592C18350A004C3203 /* SettingsView.swift */; };
		3886F35F2C184271004C3203 /* SettingsViewModel.swift in Sources */ = {isa = PBXBuildFile; fileRef = 3886F35E2C184271004C3203 /* SettingsViewModel.swift */; };
		3886F3612C18815B004C3203 /* CostumBackButton.swift in Sources */ = {isa = PBXBuildFile; fileRef = 3886F3602C18815B004C3203 /* CostumBackButton.swift */; };
		3886F36B2C188AF0004C3203 /* MealDetailView.swift in Sources */ = {isa = PBXBuildFile; fileRef = 3886F36A2C188AF0004C3203 /* MealDetailView.swift */; };
		3886F36D2C188B01004C3203 /* DrinksDetailView.swift in Sources */ = {isa = PBXBuildFile; fileRef = 3886F36C2C188B01004C3203 /* DrinksDetailView.swift */; };
		38A4AA4F2C15AFB3004FE7FA /* FirebaseAnalytics in Frameworks */ = {isa = PBXBuildFile; productRef = 38A4AA4E2C15AFB3004FE7FA /* FirebaseAnalytics */; };
		38A4AA512C15AFB3004FE7FA /* FirebaseAnalyticsOnDeviceConversion in Frameworks */ = {isa = PBXBuildFile; productRef = 38A4AA502C15AFB3004FE7FA /* FirebaseAnalyticsOnDeviceConversion */; };
		38A4AA532C15AFB3004FE7FA /* FirebaseAnalyticsSwift in Frameworks */ = {isa = PBXBuildFile; productRef = 38A4AA522C15AFB3004FE7FA /* FirebaseAnalyticsSwift */; };
		38A4AA552C15AFB3004FE7FA /* FirebaseAnalyticsWithoutAdIdSupport in Frameworks */ = {isa = PBXBuildFile; productRef = 38A4AA542C15AFB3004FE7FA /* FirebaseAnalyticsWithoutAdIdSupport */; };
		38A4AA572C15AFB3004FE7FA /* FirebaseAppCheck in Frameworks */ = {isa = PBXBuildFile; productRef = 38A4AA562C15AFB3004FE7FA /* FirebaseAppCheck */; };
		38A4AA592C15AFB3004FE7FA /* FirebaseAppDistribution-Beta in Frameworks */ = {isa = PBXBuildFile; productRef = 38A4AA582C15AFB3004FE7FA /* FirebaseAppDistribution-Beta */; };
		38A4AA5B2C15AFB3004FE7FA /* FirebaseAuth in Frameworks */ = {isa = PBXBuildFile; productRef = 38A4AA5A2C15AFB3004FE7FA /* FirebaseAuth */; };
		38A4AA5D2C15AFB3004FE7FA /* FirebaseAuthCombine-Community in Frameworks */ = {isa = PBXBuildFile; productRef = 38A4AA5C2C15AFB3004FE7FA /* FirebaseAuthCombine-Community */; };
		38A4AA5F2C15AFB3004FE7FA /* FirebaseCrashlytics in Frameworks */ = {isa = PBXBuildFile; productRef = 38A4AA5E2C15AFB3004FE7FA /* FirebaseCrashlytics */; };
		38A4AA612C15AFB3004FE7FA /* FirebaseDatabase in Frameworks */ = {isa = PBXBuildFile; productRef = 38A4AA602C15AFB3004FE7FA /* FirebaseDatabase */; };
		38A4AA632C15AFB3004FE7FA /* FirebaseDatabaseSwift in Frameworks */ = {isa = PBXBuildFile; productRef = 38A4AA622C15AFB3004FE7FA /* FirebaseDatabaseSwift */; };
		38A4AA652C15AFB3004FE7FA /* FirebaseDynamicLinks in Frameworks */ = {isa = PBXBuildFile; productRef = 38A4AA642C15AFB3004FE7FA /* FirebaseDynamicLinks */; };
		38A4AA672C15AFB3004FE7FA /* FirebaseFirestore in Frameworks */ = {isa = PBXBuildFile; productRef = 38A4AA662C15AFB3004FE7FA /* FirebaseFirestore */; };
		38A4AA692C15AFB3004FE7FA /* FirebaseFirestoreCombine-Community in Frameworks */ = {isa = PBXBuildFile; productRef = 38A4AA682C15AFB3004FE7FA /* FirebaseFirestoreCombine-Community */; };
		38A4AA6B2C15AFB3004FE7FA /* FirebaseFirestoreSwift in Frameworks */ = {isa = PBXBuildFile; productRef = 38A4AA6A2C15AFB3004FE7FA /* FirebaseFirestoreSwift */; };
		38A4AA6D2C15AFB3004FE7FA /* FirebaseFunctions in Frameworks */ = {isa = PBXBuildFile; productRef = 38A4AA6C2C15AFB3004FE7FA /* FirebaseFunctions */; };
		38A4AA6F2C15AFB3004FE7FA /* FirebaseFunctionsCombine-Community in Frameworks */ = {isa = PBXBuildFile; productRef = 38A4AA6E2C15AFB3004FE7FA /* FirebaseFunctionsCombine-Community */; };
		38A4AA712C15AFB3004FE7FA /* FirebaseInstallations in Frameworks */ = {isa = PBXBuildFile; productRef = 38A4AA702C15AFB3004FE7FA /* FirebaseInstallations */; };
		38A4AA732C15AFB3004FE7FA /* FirebasePerformance in Frameworks */ = {isa = PBXBuildFile; productRef = 38A4AA722C15AFB3004FE7FA /* FirebasePerformance */; };
		38A4AA752C15AFB3004FE7FA /* FirebaseRemoteConfig in Frameworks */ = {isa = PBXBuildFile; productRef = 38A4AA742C15AFB3004FE7FA /* FirebaseRemoteConfig */; };
		38A4AA772C15AFB3004FE7FA /* FirebaseRemoteConfigSwift in Frameworks */ = {isa = PBXBuildFile; productRef = 38A4AA762C15AFB3004FE7FA /* FirebaseRemoteConfigSwift */; };
		38A4AA792C15AFB3004FE7FA /* FirebaseStorage in Frameworks */ = {isa = PBXBuildFile; productRef = 38A4AA782C15AFB3004FE7FA /* FirebaseStorage */; };
		38A4AA7B2C15AFB3004FE7FA /* FirebaseStorageCombine-Community in Frameworks */ = {isa = PBXBuildFile; productRef = 38A4AA7A2C15AFB3004FE7FA /* FirebaseStorageCombine-Community */; };
		38A8A29E2C1445CD00950F82 /* AuthenticationError.swift in Sources */ = {isa = PBXBuildFile; fileRef = 38A8A29D2C1445CD00950F82 /* AuthenticationError.swift */; };
/* End PBXBuildFile section */

/* Begin PBXFileReference section */
		3855EF942C16F9650037B169 /* HomeViewModel.swift */ = {isa = PBXFileReference; lastKnownFileType = sourcecode.swift; path = HomeViewModel.swift; sourceTree = "<group>"; };
		3855EF962C16FD1A0037B169 /* TimePeriod.swift */ = {isa = PBXFileReference; lastKnownFileType = sourcecode.swift; path = TimePeriod.swift; sourceTree = "<group>"; };
		3855EF982C16FEF40037B169 /* DetailViewButton.swift */ = {isa = PBXFileReference; lastKnownFileType = sourcecode.swift; path = DetailViewButton.swift; sourceTree = "<group>"; };
		3855EF9A2C16FF2A0037B169 /* EmergencyCallButton.swift */ = {isa = PBXFileReference; lastKnownFileType = sourcecode.swift; path = EmergencyCallButton.swift; sourceTree = "<group>"; };
		3855EF9D2C1704000037B169 /* Calendar.swift */ = {isa = PBXFileReference; lastKnownFileType = sourcecode.swift; path = Calendar.swift; sourceTree = "<group>"; };
		3855EFA12C1736600037B169 /* PasswordField.swift */ = {isa = PBXFileReference; lastKnownFileType = sourcecode.swift; path = PasswordField.swift; sourceTree = "<group>"; };
		38630DEE2C1AD9BA002671BD /* MedicationDetailViewModel.swift */ = {isa = PBXFileReference; lastKnownFileType = sourcecode.swift; path = MedicationDetailViewModel.swift; sourceTree = "<group>"; };
		38630DF02C1ADA1C002671BD /* CostumAddButton.swift */ = {isa = PBXFileReference; lastKnownFileType = sourcecode.swift; path = CostumAddButton.swift; sourceTree = "<group>"; };
		38630DF62C1ADD03002671BD /* Medication.swift */ = {isa = PBXFileReference; lastKnownFileType = sourcecode.swift; path = Medication.swift; sourceTree = "<group>"; };
		38630DF92C1ADD61002671BD /* MedicationCardView.swift */ = {isa = PBXFileReference; lastKnownFileType = sourcecode.swift; path = MedicationCardView.swift; sourceTree = "<group>"; };
		38630DFE2C1B218E002671BD /* AddMedicationSheetView.swift */ = {isa = PBXFileReference; lastKnownFileType = sourcecode.swift; path = AddMedicationSheetView.swift; sourceTree = "<group>"; };
		38630E022C1B27D8002671BD /* EditMedicationSheetView.swift */ = {isa = PBXFileReference; lastKnownFileType = sourcecode.swift; path = EditMedicationSheetView.swift; sourceTree = "<group>"; };
		386DBD942C12B88B00FE3A41 /* MediGuard.app */ = {isa = PBXFileReference; explicitFileType = wrapper.application; includeInIndex = 0; path = MediGuard.app; sourceTree = BUILT_PRODUCTS_DIR; };
		386DBD972C12B88B00FE3A41 /* MediGuardApp.swift */ = {isa = PBXFileReference; lastKnownFileType = sourcecode.swift; path = MediGuardApp.swift; sourceTree = "<group>"; };
		386DBD9B2C12B88C00FE3A41 /* Assets.xcassets */ = {isa = PBXFileReference; lastKnownFileType = folder.assetcatalog; path = Assets.xcassets; sourceTree = "<group>"; };
		386DBD9E2C12B88C00FE3A41 /* Preview Assets.xcassets */ = {isa = PBXFileReference; lastKnownFileType = folder.assetcatalog; path = "Preview Assets.xcassets"; sourceTree = "<group>"; };
		386DBDA52C12B93200FE3A41 /* GoogleService-Info.plist */ = {isa = PBXFileReference; fileEncoding = 4; lastKnownFileType = text.plist.xml; path = "GoogleService-Info.plist"; sourceTree = "<group>"; };
		386DBDCB2C12C28100FE3A41 /* FirebaseManager.swift */ = {isa = PBXFileReference; lastKnownFileType = sourcecode.swift; path = FirebaseManager.swift; sourceTree = "<group>"; };
		386DBDCD2C12D88B00FE3A41 /* FireUser.swift */ = {isa = PBXFileReference; lastKnownFileType = sourcecode.swift; path = FireUser.swift; sourceTree = "<group>"; };
		386DBDCF2C12DABF00FE3A41 /* UserViewModel.swift */ = {isa = PBXFileReference; lastKnownFileType = sourcecode.swift; path = UserViewModel.swift; sourceTree = "<group>"; };
		386DBDE22C12E27800FE3A41 /* AuthenticationView.swift */ = {isa = PBXFileReference; lastKnownFileType = sourcecode.swift; path = AuthenticationView.swift; sourceTree = "<group>"; };
		386DBDE42C12E29700FE3A41 /* PrimaryButton.swift */ = {isa = PBXFileReference; lastKnownFileType = sourcecode.swift; path = PrimaryButton.swift; sourceTree = "<group>"; };
		386DBDE62C12E2A100FE3A41 /* TextButton.swift */ = {isa = PBXFileReference; lastKnownFileType = sourcecode.swift; path = TextButton.swift; sourceTree = "<group>"; };
		386DBDE82C12E2D300FE3A41 /* AuthenticationMode.swift */ = {isa = PBXFileReference; lastKnownFileType = sourcecode.swift; path = AuthenticationMode.swift; sourceTree = "<group>"; };
		386DBDED2C130BCF00FE3A41 /* HomeView.swift */ = {isa = PBXFileReference; lastKnownFileType = sourcecode.swift; path = HomeView.swift; sourceTree = "<group>"; };
		3886F3552C1800F6004C3203 /* MedicationDetailView.swift */ = {isa = PBXFileReference; lastKnownFileType = sourcecode.swift; path = MedicationDetailView.swift; sourceTree = "<group>"; };
		3886F3572C18026F004C3203 /* SettingsButton.swift */ = {isa = PBXFileReference; lastKnownFileType = sourcecode.swift; path = SettingsButton.swift; sourceTree = "<group>"; };
		3886F3592C18350A004C3203 /* SettingsView.swift */ = {isa = PBXFileReference; lastKnownFileType = sourcecode.swift; path = SettingsView.swift; sourceTree = "<group>"; };
		3886F35E2C184271004C3203 /* SettingsViewModel.swift */ = {isa = PBXFileReference; lastKnownFileType = sourcecode.swift; path = SettingsViewModel.swift; sourceTree = "<group>"; };
		3886F3602C18815B004C3203 /* CostumBackButton.swift */ = {isa = PBXFileReference; lastKnownFileType = sourcecode.swift; path = CostumBackButton.swift; sourceTree = "<group>"; };
		3886F36A2C188AF0004C3203 /* MealDetailView.swift */ = {isa = PBXFileReference; lastKnownFileType = sourcecode.swift; path = MealDetailView.swift; sourceTree = "<group>"; };
		3886F36C2C188B01004C3203 /* DrinksDetailView.swift */ = {isa = PBXFileReference; lastKnownFileType = sourcecode.swift; path = DrinksDetailView.swift; sourceTree = "<group>"; };
		38A8A29D2C1445CD00950F82 /* AuthenticationError.swift */ = {isa = PBXFileReference; lastKnownFileType = sourcecode.swift; path = AuthenticationError.swift; sourceTree = "<group>"; };
/* End PBXFileReference section */

/* Begin PBXFrameworksBuildPhase section */
		386DBD912C12B88B00FE3A41 /* Frameworks */ = {
			isa = PBXFrameworksBuildPhase;
			buildActionMask = 2147483647;
			files = (
				38A4AA612C15AFB3004FE7FA /* FirebaseDatabase in Frameworks */,
				38A4AA6F2C15AFB3004FE7FA /* FirebaseFunctionsCombine-Community in Frameworks */,
				38A4AA672C15AFB3004FE7FA /* FirebaseFirestore in Frameworks */,
				38A4AA7B2C15AFB3004FE7FA /* FirebaseStorageCombine-Community in Frameworks */,
				38A4AA772C15AFB3004FE7FA /* FirebaseRemoteConfigSwift in Frameworks */,
				38A4AA712C15AFB3004FE7FA /* FirebaseInstallations in Frameworks */,
				38A4AA532C15AFB3004FE7FA /* FirebaseAnalyticsSwift in Frameworks */,
				38A4AA4F2C15AFB3004FE7FA /* FirebaseAnalytics in Frameworks */,
				38A4AA512C15AFB3004FE7FA /* FirebaseAnalyticsOnDeviceConversion in Frameworks */,
				38A4AA6B2C15AFB3004FE7FA /* FirebaseFirestoreSwift in Frameworks */,
				38A4AA572C15AFB3004FE7FA /* FirebaseAppCheck in Frameworks */,
				38A4AA552C15AFB3004FE7FA /* FirebaseAnalyticsWithoutAdIdSupport in Frameworks */,
				38A4AA5B2C15AFB3004FE7FA /* FirebaseAuth in Frameworks */,
				38A4AA5F2C15AFB3004FE7FA /* FirebaseCrashlytics in Frameworks */,
				38A4AA632C15AFB3004FE7FA /* FirebaseDatabaseSwift in Frameworks */,
				38A4AA6D2C15AFB3004FE7FA /* FirebaseFunctions in Frameworks */,
				38A4AA732C15AFB3004FE7FA /* FirebasePerformance in Frameworks */,
				38A4AA592C15AFB3004FE7FA /* FirebaseAppDistribution-Beta in Frameworks */,
				38A4AA5D2C15AFB3004FE7FA /* FirebaseAuthCombine-Community in Frameworks */,
				38A4AA652C15AFB3004FE7FA /* FirebaseDynamicLinks in Frameworks */,
				38A4AA792C15AFB3004FE7FA /* FirebaseStorage in Frameworks */,
				38A4AA692C15AFB3004FE7FA /* FirebaseFirestoreCombine-Community in Frameworks */,
				38A4AA752C15AFB3004FE7FA /* FirebaseRemoteConfig in Frameworks */,
			);
			runOnlyForDeploymentPostprocessing = 0;
		};
/* End PBXFrameworksBuildPhase section */

/* Begin PBXGroup section */
		3855EF912C16F9440037B169 /* Home */ = {
			isa = PBXGroup;
			children = (
				3855EF932C16F9530037B169 /* Enums */,
				3855EF922C16F94C0037B169 /* ViewModel */,
			);
			path = Home;
			sourceTree = "<group>";
		};
		3855EF922C16F94C0037B169 /* ViewModel */ = {
			isa = PBXGroup;
			children = (
				3855EF942C16F9650037B169 /* HomeViewModel.swift */,
			);
			path = ViewModel;
			sourceTree = "<group>";
		};
		3855EF932C16F9530037B169 /* Enums */ = {
			isa = PBXGroup;
			children = (
			);
			path = Enums;
			sourceTree = "<group>";
		};
		3855EF9C2C1703F10037B169 /* Extension */ = {
			isa = PBXGroup;
			children = (
				3855EF9D2C1704000037B169 /* Calendar.swift */,
			);
			path = Extension;
			sourceTree = "<group>";
		};
		38630DEC2C1AD98F002671BD /* Detail */ = {
			isa = PBXGroup;
			children = (
				38630DED2C1AD9A2002671BD /* MedicationDetail */,
			);
			path = Detail;
			sourceTree = "<group>";
		};
		38630DED2C1AD9A2002671BD /* MedicationDetail */ = {
			isa = PBXGroup;
			children = (
				38630DEE2C1AD9BA002671BD /* MedicationDetailViewModel.swift */,
			);
			path = MedicationDetail;
			sourceTree = "<group>";
		};
		38630DF22C1ADC66002671BD /* Buttons */ = {
			isa = PBXGroup;
			children = (
				3886F3602C18815B004C3203 /* CostumBackButton.swift */,
				38630DF02C1ADA1C002671BD /* CostumAddButton.swift */,
			);
			path = Buttons;
			sourceTree = "<group>";
		};
		38630DF32C1ADC79002671BD /* Buttons */ = {
			isa = PBXGroup;
			children = (
				3855EF982C16FEF40037B169 /* DetailViewButton.swift */,
				3855EF9A2C16FF2A0037B169 /* EmergencyCallButton.swift */,
				3886F3572C18026F004C3203 /* SettingsButton.swift */,
			);
			path = Buttons;
			sourceTree = "<group>";
		};
		38630DF42C1ADCDF002671BD /* User */ = {
			isa = PBXGroup;
			children = (
				386DBDCD2C12D88B00FE3A41 /* FireUser.swift */,
			);
			path = User;
			sourceTree = "<group>";
		};
		38630DF52C1ADCE7002671BD /* Medication */ = {
			isa = PBXGroup;
			children = (
				38630DF62C1ADD03002671BD /* Medication.swift */,
			);
			path = Medication;
			sourceTree = "<group>";
		};
		38630DF82C1ADD4F002671BD /* Cards */ = {
			isa = PBXGroup;
			children = (
				38630DF92C1ADD61002671BD /* MedicationCardView.swift */,
			);
			path = Cards;
			sourceTree = "<group>";
		};
		38630DFB2C1B1588002671BD /* Buttons */ = {
			isa = PBXGroup;
			children = (
				386DBDE42C12E29700FE3A41 /* PrimaryButton.swift */,
				386DBDE62C12E2A100FE3A41 /* TextButton.swift */,
			);
			path = Buttons;
			sourceTree = "<group>";
		};
		38630DFC2C1B15A4002671BD /* View */ = {
			isa = PBXGroup;
			children = (
				3855EFA12C1736600037B169 /* PasswordField.swift */,
			);
			path = View;
			sourceTree = "<group>";
		};
		38630DFD2C1B2178002671BD /* Sheets */ = {
			isa = PBXGroup;
			children = (
				38630E012C1B27BC002671BD /* EditMedication */,
				38630E002C1B27B2002671BD /* AddMedication */,
				38630DFE2C1B218E002671BD /* AddMedicationSheetView.swift */,
			);
			path = Sheets;
			sourceTree = "<group>";
		};
		38630E002C1B27B2002671BD /* AddMedication */ = {
			isa = PBXGroup;
			children = (
			);
			path = AddMedication;
			sourceTree = "<group>";
		};
		38630E012C1B27BC002671BD /* EditMedication */ = {
			isa = PBXGroup;
			children = (
				38630E022C1B27D8002671BD /* EditMedicationSheetView.swift */,
			);
			path = EditMedication;
			sourceTree = "<group>";
		};
		386B324F2C19D10A0068F0CA /* General Components */ = {
			isa = PBXGroup;
			children = (
				38630DF22C1ADC66002671BD /* Buttons */,
			);
			path = "General Components";
			sourceTree = "<group>";
		};
		386DBD8B2C12B88B00FE3A41 = {
			isa = PBXGroup;
			children = (
				386DBDA52C12B93200FE3A41 /* GoogleService-Info.plist */,
				386DBD962C12B88B00FE3A41 /* MediGuard */,
				386DBD952C12B88B00FE3A41 /* Products */,
			);
			sourceTree = "<group>";
		};
		386DBD952C12B88B00FE3A41 /* Products */ = {
			isa = PBXGroup;
			children = (
				386DBD942C12B88B00FE3A41 /* MediGuard.app */,
			);
			name = Products;
			sourceTree = "<group>";
		};
		386DBD962C12B88B00FE3A41 /* MediGuard */ = {
			isa = PBXGroup;
			children = (
				386DBDC82C12BC3300FE3A41 /* Managers */,
				386DBDC72C12BBCC00FE3A41 /* Models */,
				386DBDC62C12BBC300FE3A41 /* Views */,
				386DBDC52C12BBB800FE3A41 /* Repositories */,
				386DBDC42C12BBAA00FE3A41 /* ViewModels */,
				386DBD972C12B88B00FE3A41 /* MediGuardApp.swift */,
				386DBD9B2C12B88C00FE3A41 /* Assets.xcassets */,
				386DBD9D2C12B88C00FE3A41 /* Preview Content */,
			);
			path = MediGuard;
			sourceTree = "<group>";
		};
		386DBD9D2C12B88C00FE3A41 /* Preview Content */ = {
			isa = PBXGroup;
			children = (
				386DBD9E2C12B88C00FE3A41 /* Preview Assets.xcassets */,
			);
			path = "Preview Content";
			sourceTree = "<group>";
		};
		386DBDC42C12BBAA00FE3A41 /* ViewModels */ = {
			isa = PBXGroup;
			children = (
				38630DEC2C1AD98F002671BD /* Detail */,
				3886F35B2C184251004C3203 /* Settings */,
				3855EF912C16F9440037B169 /* Home */,
				38A8A29A2C14458F00950F82 /* User */,
			);
			path = ViewModels;
			sourceTree = "<group>";
		};
		386DBDC52C12BBB800FE3A41 /* Repositories */ = {
			isa = PBXGroup;
			children = (
			);
			path = Repositories;
			sourceTree = "<group>";
		};
		386DBDC62C12BBC300FE3A41 /* Views */ = {
			isa = PBXGroup;
			children = (
				386B324F2C19D10A0068F0CA /* General Components */,
				386DBDEA2C12F0F300FE3A41 /* Font */,
				386DBDD52C12DF8300FE3A41 /* Detail */,
				386DBDD22C12DF3B00FE3A41 /* Home */,
				386DBDD12C12DF3000FE3A41 /* Authentication */,
				386DBDD42C12DF5100FE3A41 /* Settings */,
			);
			path = Views;
			sourceTree = "<group>";
		};
		386DBDC72C12BBCC00FE3A41 /* Models */ = {
			isa = PBXGroup;
			children = (
				38630DF52C1ADCE7002671BD /* Medication */,
				38630DF42C1ADCDF002671BD /* User */,
			);
			path = Models;
			sourceTree = "<group>";
		};
		386DBDC82C12BC3300FE3A41 /* Managers */ = {
			isa = PBXGroup;
			children = (
				386DBDCB2C12C28100FE3A41 /* FirebaseManager.swift */,
			);
			path = Managers;
			sourceTree = "<group>";
		};
		386DBDD12C12DF3000FE3A41 /* Authentication */ = {
			isa = PBXGroup;
			children = (
				386DBDD82C12DFA200FE3A41 /* View */,
				386DBDD72C12DF9300FE3A41 /* Components */,
				386DBDD62C12DF8C00FE3A41 /* Enum */,
			);
			path = Authentication;
			sourceTree = "<group>";
		};
		386DBDD22C12DF3B00FE3A41 /* Home */ = {
			isa = PBXGroup;
			children = (
				3855EF9C2C1703F10037B169 /* Extension */,
				386DBDDB2C12DFBC00FE3A41 /* Enum */,
				386DBDDA2C12DFB300FE3A41 /* Components */,
				386DBDD92C12DFAE00FE3A41 /* View */,
			);
			path = Home;
			sourceTree = "<group>";
		};
		386DBDD42C12DF5100FE3A41 /* Settings */ = {
			isa = PBXGroup;
			children = (
				386DBDE12C12DFEC00FE3A41 /* Enum */,
				386DBDE02C12DFE400FE3A41 /* Components */,
				386DBDDF2C12DFDF00FE3A41 /* View */,
			);
			path = Settings;
			sourceTree = "<group>";
		};
		386DBDD52C12DF8300FE3A41 /* Detail */ = {
			isa = PBXGroup;
			children = (
				3886F3632C1889FF004C3203 /* DrinksDetail */,
				3886F3622C1889C4004C3203 /* MealDetail */,
				3886F3542C1800C9004C3203 /* MedicationDetail */,
			);
			path = Detail;
			sourceTree = "<group>";
		};
		386DBDD62C12DF8C00FE3A41 /* Enum */ = {
			isa = PBXGroup;
			children = (
				386DBDE82C12E2D300FE3A41 /* AuthenticationMode.swift */,
			);
			path = Enum;
			sourceTree = "<group>";
		};
		386DBDD72C12DF9300FE3A41 /* Components */ = {
			isa = PBXGroup;
			children = (
				38630DFC2C1B15A4002671BD /* View */,
				38630DFB2C1B1588002671BD /* Buttons */,
			);
			path = Components;
			sourceTree = "<group>";
		};
		386DBDD82C12DFA200FE3A41 /* View */ = {
			isa = PBXGroup;
			children = (
				386DBDE22C12E27800FE3A41 /* AuthenticationView.swift */,
			);
			path = View;
			sourceTree = "<group>";
		};
		386DBDD92C12DFAE00FE3A41 /* View */ = {
			isa = PBXGroup;
			children = (
				386DBDED2C130BCF00FE3A41 /* HomeView.swift */,
			);
			path = View;
			sourceTree = "<group>";
		};
		386DBDDA2C12DFB300FE3A41 /* Components */ = {
			isa = PBXGroup;
			children = (
				38630DF32C1ADC79002671BD /* Buttons */,
			);
			path = Components;
			sourceTree = "<group>";
		};
		386DBDDB2C12DFBC00FE3A41 /* Enum */ = {
			isa = PBXGroup;
			children = (
				3855EF962C16FD1A0037B169 /* TimePeriod.swift */,
			);
			path = Enum;
			sourceTree = "<group>";
		};
		386DBDDC2C12DFC600FE3A41 /* Enums */ = {
			isa = PBXGroup;
			children = (
			);
			path = Enums;
			sourceTree = "<group>";
		};
		386DBDDD2C12DFCD00FE3A41 /* Components */ = {
			isa = PBXGroup;
			children = (
				38630DF82C1ADD4F002671BD /* Cards */,
			);
			path = Components;
			sourceTree = "<group>";
		};
		386DBDDE2C12DFD300FE3A41 /* View */ = {
			isa = PBXGroup;
			children = (
				3886F3552C1800F6004C3203 /* MedicationDetailView.swift */,
				38630DFD2C1B2178002671BD /* Sheets */,
			);
			path = View;
			sourceTree = "<group>";
		};
		386DBDDF2C12DFDF00FE3A41 /* View */ = {
			isa = PBXGroup;
			children = (
				3886F3592C18350A004C3203 /* SettingsView.swift */,
			);
			path = View;
			sourceTree = "<group>";
		};
		386DBDE02C12DFE400FE3A41 /* Components */ = {
			isa = PBXGroup;
			children = (
			);
			path = Components;
			sourceTree = "<group>";
		};
		386DBDE12C12DFEC00FE3A41 /* Enum */ = {
			isa = PBXGroup;
			children = (
			);
			path = Enum;
			sourceTree = "<group>";
		};
		386DBDEA2C12F0F300FE3A41 /* Font */ = {
			isa = PBXGroup;
			children = (
			);
			path = Font;
			sourceTree = "<group>";
		};
		3886F3542C1800C9004C3203 /* MedicationDetail */ = {
			isa = PBXGroup;
			children = (
				386DBDDE2C12DFD300FE3A41 /* View */,
				386DBDDD2C12DFCD00FE3A41 /* Components */,
				386DBDDC2C12DFC600FE3A41 /* Enums */,
			);
			path = MedicationDetail;
			sourceTree = "<group>";
		};
		3886F35B2C184251004C3203 /* Settings */ = {
			isa = PBXGroup;
			children = (
				3886F35D2C18425F004C3203 /* Enums */,
				3886F35C2C184258004C3203 /* ViewModel */,
			);
			path = Settings;
			sourceTree = "<group>";
		};
		3886F35C2C184258004C3203 /* ViewModel */ = {
			isa = PBXGroup;
			children = (
				3886F35E2C184271004C3203 /* SettingsViewModel.swift */,
			);
			path = ViewModel;
			sourceTree = "<group>";
		};
		3886F35D2C18425F004C3203 /* Enums */ = {
			isa = PBXGroup;
			children = (
			);
			path = Enums;
			sourceTree = "<group>";
		};
		3886F3622C1889C4004C3203 /* MealDetail */ = {
			isa = PBXGroup;
			children = (
				3886F3692C188A87004C3203 /* View */,
				3886F3682C188A7A004C3203 /* Components */,
				3886F3672C188A66004C3203 /* Enums */,
			);
			path = MealDetail;
			sourceTree = "<group>";
		};
		3886F3632C1889FF004C3203 /* DrinksDetail */ = {
			isa = PBXGroup;
			children = (
				3886F3642C188A1A004C3203 /* View */,
				3886F3652C188A22004C3203 /* Components */,
				3886F3662C188A30004C3203 /* Enums */,
			);
			path = DrinksDetail;
			sourceTree = "<group>";
		};
		3886F3642C188A1A004C3203 /* View */ = {
			isa = PBXGroup;
			children = (
				3886F36C2C188B01004C3203 /* DrinksDetailView.swift */,
			);
			path = View;
			sourceTree = "<group>";
		};
		3886F3652C188A22004C3203 /* Components */ = {
			isa = PBXGroup;
			children = (
			);
			path = Components;
			sourceTree = "<group>";
		};
		3886F3662C188A30004C3203 /* Enums */ = {
			isa = PBXGroup;
			children = (
			);
			path = Enums;
			sourceTree = "<group>";
		};
		3886F3672C188A66004C3203 /* Enums */ = {
			isa = PBXGroup;
			children = (
			);
			path = Enums;
			sourceTree = "<group>";
		};
		3886F3682C188A7A004C3203 /* Components */ = {
			isa = PBXGroup;
			children = (
			);
			path = Components;
			sourceTree = "<group>";
		};
		3886F3692C188A87004C3203 /* View */ = {
			isa = PBXGroup;
			children = (
				3886F36A2C188AF0004C3203 /* MealDetailView.swift */,
			);
			path = View;
			sourceTree = "<group>";
		};
		38A8A29A2C14458F00950F82 /* User */ = {
			isa = PBXGroup;
			children = (
				38A8A29C2C1445B600950F82 /* Enums */,
				38A8A29B2C1445A700950F82 /* ViewModel */,
			);
			path = User;
			sourceTree = "<group>";
		};
		38A8A29B2C1445A700950F82 /* ViewModel */ = {
			isa = PBXGroup;
			children = (
				386DBDCF2C12DABF00FE3A41 /* UserViewModel.swift */,
			);
			path = ViewModel;
			sourceTree = "<group>";
		};
		38A8A29C2C1445B600950F82 /* Enums */ = {
			isa = PBXGroup;
			children = (
				38A8A29D2C1445CD00950F82 /* AuthenticationError.swift */,
			);
			path = Enums;
			sourceTree = "<group>";
		};
/* End PBXGroup section */

/* Begin PBXNativeTarget section */
		386DBD932C12B88B00FE3A41 /* MediGuard */ = {
			isa = PBXNativeTarget;
			buildConfigurationList = 386DBDA22C12B88C00FE3A41 /* Build configuration list for PBXNativeTarget "MediGuard" */;
			buildPhases = (
				386DBD902C12B88B00FE3A41 /* Sources */,
				386DBD912C12B88B00FE3A41 /* Frameworks */,
				386DBD922C12B88B00FE3A41 /* Resources */,
			);
			buildRules = (
			);
			dependencies = (
			);
			name = MediGuard;
			packageProductDependencies = (
				38A4AA4E2C15AFB3004FE7FA /* FirebaseAnalytics */,
				38A4AA502C15AFB3004FE7FA /* FirebaseAnalyticsOnDeviceConversion */,
				38A4AA522C15AFB3004FE7FA /* FirebaseAnalyticsSwift */,
				38A4AA542C15AFB3004FE7FA /* FirebaseAnalyticsWithoutAdIdSupport */,
				38A4AA562C15AFB3004FE7FA /* FirebaseAppCheck */,
				38A4AA582C15AFB3004FE7FA /* FirebaseAppDistribution-Beta */,
				38A4AA5A2C15AFB3004FE7FA /* FirebaseAuth */,
				38A4AA5C2C15AFB3004FE7FA /* FirebaseAuthCombine-Community */,
				38A4AA5E2C15AFB3004FE7FA /* FirebaseCrashlytics */,
				38A4AA602C15AFB3004FE7FA /* FirebaseDatabase */,
				38A4AA622C15AFB3004FE7FA /* FirebaseDatabaseSwift */,
				38A4AA642C15AFB3004FE7FA /* FirebaseDynamicLinks */,
				38A4AA662C15AFB3004FE7FA /* FirebaseFirestore */,
				38A4AA682C15AFB3004FE7FA /* FirebaseFirestoreCombine-Community */,
				38A4AA6A2C15AFB3004FE7FA /* FirebaseFirestoreSwift */,
				38A4AA6C2C15AFB3004FE7FA /* FirebaseFunctions */,
				38A4AA6E2C15AFB3004FE7FA /* FirebaseFunctionsCombine-Community */,
				38A4AA702C15AFB3004FE7FA /* FirebaseInstallations */,
				38A4AA722C15AFB3004FE7FA /* FirebasePerformance */,
				38A4AA742C15AFB3004FE7FA /* FirebaseRemoteConfig */,
				38A4AA762C15AFB3004FE7FA /* FirebaseRemoteConfigSwift */,
				38A4AA782C15AFB3004FE7FA /* FirebaseStorage */,
				38A4AA7A2C15AFB3004FE7FA /* FirebaseStorageCombine-Community */,
			);
			productName = MediGuard;
			productReference = 386DBD942C12B88B00FE3A41 /* MediGuard.app */;
			productType = "com.apple.product-type.application";
		};
/* End PBXNativeTarget section */

/* Begin PBXProject section */
		386DBD8C2C12B88B00FE3A41 /* Project object */ = {
			isa = PBXProject;
			attributes = {
				BuildIndependentTargetsInParallel = 1;
				LastSwiftUpdateCheck = 1540;
				LastUpgradeCheck = 1540;
				TargetAttributes = {
					386DBD932C12B88B00FE3A41 = {
						CreatedOnToolsVersion = 15.4;
					};
				};
			};
			buildConfigurationList = 386DBD8F2C12B88B00FE3A41 /* Build configuration list for PBXProject "MediGuard" */;
			compatibilityVersion = "Xcode 14.0";
			developmentRegion = en;
			hasScannedForEncodings = 0;
			knownRegions = (
				en,
				Base,
			);
			mainGroup = 386DBD8B2C12B88B00FE3A41;
			packageReferences = (
				386DBDA72C12BA8900FE3A41 /* XCRemoteSwiftPackageReference "firebase-ios-sdk" */,
			);
			productRefGroup = 386DBD952C12B88B00FE3A41 /* Products */;
			projectDirPath = "";
			projectRoot = "";
			targets = (
				386DBD932C12B88B00FE3A41 /* MediGuard */,
			);
		};
/* End PBXProject section */

/* Begin PBXResourcesBuildPhase section */
		386DBD922C12B88B00FE3A41 /* Resources */ = {
			isa = PBXResourcesBuildPhase;
			buildActionMask = 2147483647;
			files = (
				386DBD9F2C12B88C00FE3A41 /* Preview Assets.xcassets in Resources */,
				386DBDA62C12B93200FE3A41 /* GoogleService-Info.plist in Resources */,
				386DBD9C2C12B88C00FE3A41 /* Assets.xcassets in Resources */,
			);
			runOnlyForDeploymentPostprocessing = 0;
		};
/* End PBXResourcesBuildPhase section */

/* Begin PBXSourcesBuildPhase section */
		386DBD902C12B88B00FE3A41 /* Sources */ = {
			isa = PBXSourcesBuildPhase;
			buildActionMask = 2147483647;
			files = (
				386DBDCC2C12C28100FE3A41 /* FirebaseManager.swift in Sources */,
				386DBDE32C12E27800FE3A41 /* AuthenticationView.swift in Sources */,
				38630DEF2C1AD9BA002671BD /* MedicationDetailViewModel.swift in Sources */,
				3855EF9E2C1704000037B169 /* Calendar.swift in Sources */,
				386DBDEE2C130BCF00FE3A41 /* HomeView.swift in Sources */,
				38630E032C1B27D8002671BD /* EditMedicationSheetView.swift in Sources */,
				3886F35A2C18350A004C3203 /* SettingsView.swift in Sources */,
				38630DFF2C1B218E002671BD /* AddMedicationSheetView.swift in Sources */,
				386DBDCE2C12D88B00FE3A41 /* FireUser.swift in Sources */,
				3855EF992C16FEF40037B169 /* DetailViewButton.swift in Sources */,
				3886F36B2C188AF0004C3203 /* MealDetailView.swift in Sources */,
				386DBDE92C12E2D300FE3A41 /* AuthenticationMode.swift in Sources */,
				3886F36D2C188B01004C3203 /* DrinksDetailView.swift in Sources */,
				38630DF12C1ADA1C002671BD /* CostumAddButton.swift in Sources */,
				38630DFA2C1ADD61002671BD /* MedicationCardView.swift in Sources */,
				386DBDE72C12E2A100FE3A41 /* TextButton.swift in Sources */,
				3855EFA22C1736600037B169 /* PasswordField.swift in Sources */,
				3855EF952C16F9650037B169 /* HomeViewModel.swift in Sources */,
				386DBDE52C12E29700FE3A41 /* PrimaryButton.swift in Sources */,
				38630DF72C1ADD03002671BD /* Medication.swift in Sources */,
				386DBDD02C12DABF00FE3A41 /* UserViewModel.swift in Sources */,
				3855EF972C16FD1A0037B169 /* TimePeriod.swift in Sources */,
				3886F3562C1800F6004C3203 /* MedicationDetailView.swift in Sources */,
				386DBD982C12B88B00FE3A41 /* MediGuardApp.swift in Sources */,
				3855EF9B2C16FF2A0037B169 /* EmergencyCallButton.swift in Sources */,
				38A8A29E2C1445CD00950F82 /* AuthenticationError.swift in Sources */,
				3886F3612C18815B004C3203 /* CostumBackButton.swift in Sources */,
				3886F3582C18026F004C3203 /* SettingsButton.swift in Sources */,
				3886F35F2C184271004C3203 /* SettingsViewModel.swift in Sources */,
			);
			runOnlyForDeploymentPostprocessing = 0;
		};
/* End PBXSourcesBuildPhase section */

/* Begin XCBuildConfiguration section */
		386DBDA02C12B88C00FE3A41 /* Debug */ = {
			isa = XCBuildConfiguration;
			buildSettings = {
				ALWAYS_SEARCH_USER_PATHS = NO;
				ASSETCATALOG_COMPILER_GENERATE_SWIFT_ASSET_SYMBOL_EXTENSIONS = YES;
				CLANG_ANALYZER_NONNULL = YES;
				CLANG_ANALYZER_NUMBER_OBJECT_CONVERSION = YES_AGGRESSIVE;
				CLANG_CXX_LANGUAGE_STANDARD = "gnu++20";
				CLANG_ENABLE_MODULES = YES;
				CLANG_ENABLE_OBJC_ARC = YES;
				CLANG_ENABLE_OBJC_WEAK = YES;
				CLANG_WARN_BLOCK_CAPTURE_AUTORELEASING = YES;
				CLANG_WARN_BOOL_CONVERSION = YES;
				CLANG_WARN_COMMA = YES;
				CLANG_WARN_CONSTANT_CONVERSION = YES;
				CLANG_WARN_DEPRECATED_OBJC_IMPLEMENTATIONS = YES;
				CLANG_WARN_DIRECT_OBJC_ISA_USAGE = YES_ERROR;
				CLANG_WARN_DOCUMENTATION_COMMENTS = YES;
				CLANG_WARN_EMPTY_BODY = YES;
				CLANG_WARN_ENUM_CONVERSION = YES;
				CLANG_WARN_INFINITE_RECURSION = YES;
				CLANG_WARN_INT_CONVERSION = YES;
				CLANG_WARN_NON_LITERAL_NULL_CONVERSION = YES;
				CLANG_WARN_OBJC_IMPLICIT_RETAIN_SELF = YES;
				CLANG_WARN_OBJC_LITERAL_CONVERSION = YES;
				CLANG_WARN_OBJC_ROOT_CLASS = YES_ERROR;
				CLANG_WARN_QUOTED_INCLUDE_IN_FRAMEWORK_HEADER = YES;
				CLANG_WARN_RANGE_LOOP_ANALYSIS = YES;
				CLANG_WARN_STRICT_PROTOTYPES = YES;
				CLANG_WARN_SUSPICIOUS_MOVE = YES;
				CLANG_WARN_UNGUARDED_AVAILABILITY = YES_AGGRESSIVE;
				CLANG_WARN_UNREACHABLE_CODE = YES;
				CLANG_WARN__DUPLICATE_METHOD_MATCH = YES;
				COPY_PHASE_STRIP = NO;
				DEBUG_INFORMATION_FORMAT = dwarf;
				ENABLE_STRICT_OBJC_MSGSEND = YES;
				ENABLE_TESTABILITY = YES;
				ENABLE_USER_SCRIPT_SANDBOXING = YES;
				GCC_C_LANGUAGE_STANDARD = gnu17;
				GCC_DYNAMIC_NO_PIC = NO;
				GCC_NO_COMMON_BLOCKS = YES;
				GCC_OPTIMIZATION_LEVEL = 0;
				GCC_PREPROCESSOR_DEFINITIONS = (
					"DEBUG=1",
					"$(inherited)",
				);
				GCC_WARN_64_TO_32_BIT_CONVERSION = YES;
				GCC_WARN_ABOUT_RETURN_TYPE = YES_ERROR;
				GCC_WARN_UNDECLARED_SELECTOR = YES;
				GCC_WARN_UNINITIALIZED_AUTOS = YES_AGGRESSIVE;
				GCC_WARN_UNUSED_FUNCTION = YES;
				GCC_WARN_UNUSED_VARIABLE = YES;
				IPHONEOS_DEPLOYMENT_TARGET = 17.5;
				LOCALIZATION_PREFERS_STRING_CATALOGS = YES;
				MTL_ENABLE_DEBUG_INFO = INCLUDE_SOURCE;
				MTL_FAST_MATH = YES;
				ONLY_ACTIVE_ARCH = YES;
				SDKROOT = iphoneos;
				SWIFT_ACTIVE_COMPILATION_CONDITIONS = "DEBUG $(inherited)";
				SWIFT_OPTIMIZATION_LEVEL = "-Onone";
			};
			name = Debug;
		};
		386DBDA12C12B88C00FE3A41 /* Release */ = {
			isa = XCBuildConfiguration;
			buildSettings = {
				ALWAYS_SEARCH_USER_PATHS = NO;
				ASSETCATALOG_COMPILER_GENERATE_SWIFT_ASSET_SYMBOL_EXTENSIONS = YES;
				CLANG_ANALYZER_NONNULL = YES;
				CLANG_ANALYZER_NUMBER_OBJECT_CONVERSION = YES_AGGRESSIVE;
				CLANG_CXX_LANGUAGE_STANDARD = "gnu++20";
				CLANG_ENABLE_MODULES = YES;
				CLANG_ENABLE_OBJC_ARC = YES;
				CLANG_ENABLE_OBJC_WEAK = YES;
				CLANG_WARN_BLOCK_CAPTURE_AUTORELEASING = YES;
				CLANG_WARN_BOOL_CONVERSION = YES;
				CLANG_WARN_COMMA = YES;
				CLANG_WARN_CONSTANT_CONVERSION = YES;
				CLANG_WARN_DEPRECATED_OBJC_IMPLEMENTATIONS = YES;
				CLANG_WARN_DIRECT_OBJC_ISA_USAGE = YES_ERROR;
				CLANG_WARN_DOCUMENTATION_COMMENTS = YES;
				CLANG_WARN_EMPTY_BODY = YES;
				CLANG_WARN_ENUM_CONVERSION = YES;
				CLANG_WARN_INFINITE_RECURSION = YES;
				CLANG_WARN_INT_CONVERSION = YES;
				CLANG_WARN_NON_LITERAL_NULL_CONVERSION = YES;
				CLANG_WARN_OBJC_IMPLICIT_RETAIN_SELF = YES;
				CLANG_WARN_OBJC_LITERAL_CONVERSION = YES;
				CLANG_WARN_OBJC_ROOT_CLASS = YES_ERROR;
				CLANG_WARN_QUOTED_INCLUDE_IN_FRAMEWORK_HEADER = YES;
				CLANG_WARN_RANGE_LOOP_ANALYSIS = YES;
				CLANG_WARN_STRICT_PROTOTYPES = YES;
				CLANG_WARN_SUSPICIOUS_MOVE = YES;
				CLANG_WARN_UNGUARDED_AVAILABILITY = YES_AGGRESSIVE;
				CLANG_WARN_UNREACHABLE_CODE = YES;
				CLANG_WARN__DUPLICATE_METHOD_MATCH = YES;
				COPY_PHASE_STRIP = NO;
				DEBUG_INFORMATION_FORMAT = "dwarf-with-dsym";
				ENABLE_NS_ASSERTIONS = NO;
				ENABLE_STRICT_OBJC_MSGSEND = YES;
				ENABLE_USER_SCRIPT_SANDBOXING = YES;
				GCC_C_LANGUAGE_STANDARD = gnu17;
				GCC_NO_COMMON_BLOCKS = YES;
				GCC_WARN_64_TO_32_BIT_CONVERSION = YES;
				GCC_WARN_ABOUT_RETURN_TYPE = YES_ERROR;
				GCC_WARN_UNDECLARED_SELECTOR = YES;
				GCC_WARN_UNINITIALIZED_AUTOS = YES_AGGRESSIVE;
				GCC_WARN_UNUSED_FUNCTION = YES;
				GCC_WARN_UNUSED_VARIABLE = YES;
				IPHONEOS_DEPLOYMENT_TARGET = 17.5;
				LOCALIZATION_PREFERS_STRING_CATALOGS = YES;
				MTL_ENABLE_DEBUG_INFO = NO;
				MTL_FAST_MATH = YES;
				SDKROOT = iphoneos;
				SWIFT_COMPILATION_MODE = wholemodule;
				VALIDATE_PRODUCT = YES;
			};
			name = Release;
		};
		386DBDA32C12B88C00FE3A41 /* Debug */ = {
			isa = XCBuildConfiguration;
			buildSettings = {
				ASSETCATALOG_COMPILER_APPICON_NAME = AppIcon;
				ASSETCATALOG_COMPILER_GLOBAL_ACCENT_COLOR_NAME = AccentColor;
				CODE_SIGN_STYLE = Automatic;
				CURRENT_PROJECT_VERSION = 1;
				DEVELOPMENT_ASSET_PATHS = "\"MediGuard/Preview Content\"";
				ENABLE_PREVIEWS = YES;
				GENERATE_INFOPLIST_FILE = YES;
				INFOPLIST_KEY_UIApplicationSceneManifest_Generation = YES;
				INFOPLIST_KEY_UIApplicationSupportsIndirectInputEvents = YES;
				INFOPLIST_KEY_UILaunchScreen_Generation = YES;
				INFOPLIST_KEY_UISupportedInterfaceOrientations_iPad = "UIInterfaceOrientationPortrait UIInterfaceOrientationPortraitUpsideDown UIInterfaceOrientationLandscapeLeft UIInterfaceOrientationLandscapeRight";
				INFOPLIST_KEY_UISupportedInterfaceOrientations_iPhone = "UIInterfaceOrientationPortrait UIInterfaceOrientationLandscapeLeft UIInterfaceOrientationLandscapeRight";
				LD_RUNPATH_SEARCH_PATHS = (
					"$(inherited)",
					"@executable_path/Frameworks",
				);
				MARKETING_VERSION = 1.0;
				PRODUCT_BUNDLE_IDENTIFIER = alvaro.MediGuard;
				PRODUCT_NAME = "$(TARGET_NAME)";
				SWIFT_EMIT_LOC_STRINGS = YES;
				SWIFT_VERSION = 5.0;
				TARGETED_DEVICE_FAMILY = "1,2";
			};
			name = Debug;
		};
		386DBDA42C12B88C00FE3A41 /* Release */ = {
			isa = XCBuildConfiguration;
			buildSettings = {
				ASSETCATALOG_COMPILER_APPICON_NAME = AppIcon;
				ASSETCATALOG_COMPILER_GLOBAL_ACCENT_COLOR_NAME = AccentColor;
				CODE_SIGN_STYLE = Automatic;
				CURRENT_PROJECT_VERSION = 1;
				DEVELOPMENT_ASSET_PATHS = "\"MediGuard/Preview Content\"";
				ENABLE_PREVIEWS = YES;
				GENERATE_INFOPLIST_FILE = YES;
				INFOPLIST_KEY_UIApplicationSceneManifest_Generation = YES;
				INFOPLIST_KEY_UIApplicationSupportsIndirectInputEvents = YES;
				INFOPLIST_KEY_UILaunchScreen_Generation = YES;
				INFOPLIST_KEY_UISupportedInterfaceOrientations_iPad = "UIInterfaceOrientationPortrait UIInterfaceOrientationPortraitUpsideDown UIInterfaceOrientationLandscapeLeft UIInterfaceOrientationLandscapeRight";
				INFOPLIST_KEY_UISupportedInterfaceOrientations_iPhone = "UIInterfaceOrientationPortrait UIInterfaceOrientationLandscapeLeft UIInterfaceOrientationLandscapeRight";
				LD_RUNPATH_SEARCH_PATHS = (
					"$(inherited)",
					"@executable_path/Frameworks",
				);
				MARKETING_VERSION = 1.0;
				PRODUCT_BUNDLE_IDENTIFIER = alvaro.MediGuard;
				PRODUCT_NAME = "$(TARGET_NAME)";
				SWIFT_EMIT_LOC_STRINGS = YES;
				SWIFT_VERSION = 5.0;
				TARGETED_DEVICE_FAMILY = "1,2";
			};
			name = Release;
		};
/* End XCBuildConfiguration section */

/* Begin XCConfigurationList section */
		386DBD8F2C12B88B00FE3A41 /* Build configuration list for PBXProject "MediGuard" */ = {
			isa = XCConfigurationList;
			buildConfigurations = (
				386DBDA02C12B88C00FE3A41 /* Debug */,
				386DBDA12C12B88C00FE3A41 /* Release */,
			);
			defaultConfigurationIsVisible = 0;
			defaultConfigurationName = Release;
		};
		386DBDA22C12B88C00FE3A41 /* Build configuration list for PBXNativeTarget "MediGuard" */ = {
			isa = XCConfigurationList;
			buildConfigurations = (
				386DBDA32C12B88C00FE3A41 /* Debug */,
				386DBDA42C12B88C00FE3A41 /* Release */,
			);
			defaultConfigurationIsVisible = 0;
			defaultConfigurationName = Release;
		};
/* End XCConfigurationList section */

/* Begin XCRemoteSwiftPackageReference section */
		386DBDA72C12BA8900FE3A41 /* XCRemoteSwiftPackageReference "firebase-ios-sdk" */ = {
			isa = XCRemoteSwiftPackageReference;
			repositoryURL = "https://github.com/firebase/firebase-ios-sdk";
			requirement = {
				kind = upToNextMajorVersion;
				minimumVersion = 10.27.0;
			};
		};
/* End XCRemoteSwiftPackageReference section */

/* Begin XCSwiftPackageProductDependency section */
		38A4AA4E2C15AFB3004FE7FA /* FirebaseAnalytics */ = {
			isa = XCSwiftPackageProductDependency;
			package = 386DBDA72C12BA8900FE3A41 /* XCRemoteSwiftPackageReference "firebase-ios-sdk" */;
			productName = FirebaseAnalytics;
		};
		38A4AA502C15AFB3004FE7FA /* FirebaseAnalyticsOnDeviceConversion */ = {
			isa = XCSwiftPackageProductDependency;
			package = 386DBDA72C12BA8900FE3A41 /* XCRemoteSwiftPackageReference "firebase-ios-sdk" */;
			productName = FirebaseAnalyticsOnDeviceConversion;
		};
		38A4AA522C15AFB3004FE7FA /* FirebaseAnalyticsSwift */ = {
			isa = XCSwiftPackageProductDependency;
			package = 386DBDA72C12BA8900FE3A41 /* XCRemoteSwiftPackageReference "firebase-ios-sdk" */;
			productName = FirebaseAnalyticsSwift;
		};
		38A4AA542C15AFB3004FE7FA /* FirebaseAnalyticsWithoutAdIdSupport */ = {
			isa = XCSwiftPackageProductDependency;
			package = 386DBDA72C12BA8900FE3A41 /* XCRemoteSwiftPackageReference "firebase-ios-sdk" */;
			productName = FirebaseAnalyticsWithoutAdIdSupport;
		};
		38A4AA562C15AFB3004FE7FA /* FirebaseAppCheck */ = {
			isa = XCSwiftPackageProductDependency;
			package = 386DBDA72C12BA8900FE3A41 /* XCRemoteSwiftPackageReference "firebase-ios-sdk" */;
			productName = FirebaseAppCheck;
		};
		38A4AA582C15AFB3004FE7FA /* FirebaseAppDistribution-Beta */ = {
			isa = XCSwiftPackageProductDependency;
			package = 386DBDA72C12BA8900FE3A41 /* XCRemoteSwiftPackageReference "firebase-ios-sdk" */;
			productName = "FirebaseAppDistribution-Beta";
		};
		38A4AA5A2C15AFB3004FE7FA /* FirebaseAuth */ = {
			isa = XCSwiftPackageProductDependency;
			package = 386DBDA72C12BA8900FE3A41 /* XCRemoteSwiftPackageReference "firebase-ios-sdk" */;
			productName = FirebaseAuth;
		};
		38A4AA5C2C15AFB3004FE7FA /* FirebaseAuthCombine-Community */ = {
			isa = XCSwiftPackageProductDependency;
			package = 386DBDA72C12BA8900FE3A41 /* XCRemoteSwiftPackageReference "firebase-ios-sdk" */;
			productName = "FirebaseAuthCombine-Community";
		};
		38A4AA5E2C15AFB3004FE7FA /* FirebaseCrashlytics */ = {
			isa = XCSwiftPackageProductDependency;
			package = 386DBDA72C12BA8900FE3A41 /* XCRemoteSwiftPackageReference "firebase-ios-sdk" */;
			productName = FirebaseCrashlytics;
		};
		38A4AA602C15AFB3004FE7FA /* FirebaseDatabase */ = {
			isa = XCSwiftPackageProductDependency;
			package = 386DBDA72C12BA8900FE3A41 /* XCRemoteSwiftPackageReference "firebase-ios-sdk" */;
			productName = FirebaseDatabase;
		};
		38A4AA622C15AFB3004FE7FA /* FirebaseDatabaseSwift */ = {
			isa = XCSwiftPackageProductDependency;
			package = 386DBDA72C12BA8900FE3A41 /* XCRemoteSwiftPackageReference "firebase-ios-sdk" */;
			productName = FirebaseDatabaseSwift;
		};
		38A4AA642C15AFB3004FE7FA /* FirebaseDynamicLinks */ = {
			isa = XCSwiftPackageProductDependency;
			package = 386DBDA72C12BA8900FE3A41 /* XCRemoteSwiftPackageReference "firebase-ios-sdk" */;
			productName = FirebaseDynamicLinks;
		};
		38A4AA662C15AFB3004FE7FA /* FirebaseFirestore */ = {
			isa = XCSwiftPackageProductDependency;
			package = 386DBDA72C12BA8900FE3A41 /* XCRemoteSwiftPackageReference "firebase-ios-sdk" */;
			productName = FirebaseFirestore;
		};
		38A4AA682C15AFB3004FE7FA /* FirebaseFirestoreCombine-Community */ = {
			isa = XCSwiftPackageProductDependency;
			package = 386DBDA72C12BA8900FE3A41 /* XCRemoteSwiftPackageReference "firebase-ios-sdk" */;
			productName = "FirebaseFirestoreCombine-Community";
		};
		38A4AA6A2C15AFB3004FE7FA /* FirebaseFirestoreSwift */ = {
			isa = XCSwiftPackageProductDependency;
			package = 386DBDA72C12BA8900FE3A41 /* XCRemoteSwiftPackageReference "firebase-ios-sdk" */;
			productName = FirebaseFirestoreSwift;
		};
		38A4AA6C2C15AFB3004FE7FA /* FirebaseFunctions */ = {
			isa = XCSwiftPackageProductDependency;
			package = 386DBDA72C12BA8900FE3A41 /* XCRemoteSwiftPackageReference "firebase-ios-sdk" */;
			productName = FirebaseFunctions;
		};
		38A4AA6E2C15AFB3004FE7FA /* FirebaseFunctionsCombine-Community */ = {
			isa = XCSwiftPackageProductDependency;
			package = 386DBDA72C12BA8900FE3A41 /* XCRemoteSwiftPackageReference "firebase-ios-sdk" */;
			productName = "FirebaseFunctionsCombine-Community";
		};
		38A4AA702C15AFB3004FE7FA /* FirebaseInstallations */ = {
			isa = XCSwiftPackageProductDependency;
			package = 386DBDA72C12BA8900FE3A41 /* XCRemoteSwiftPackageReference "firebase-ios-sdk" */;
			productName = FirebaseInstallations;
		};
		38A4AA722C15AFB3004FE7FA /* FirebasePerformance */ = {
			isa = XCSwiftPackageProductDependency;
			package = 386DBDA72C12BA8900FE3A41 /* XCRemoteSwiftPackageReference "firebase-ios-sdk" */;
			productName = FirebasePerformance;
		};
		38A4AA742C15AFB3004FE7FA /* FirebaseRemoteConfig */ = {
			isa = XCSwiftPackageProductDependency;
			package = 386DBDA72C12BA8900FE3A41 /* XCRemoteSwiftPackageReference "firebase-ios-sdk" */;
			productName = FirebaseRemoteConfig;
		};
		38A4AA762C15AFB3004FE7FA /* FirebaseRemoteConfigSwift */ = {
			isa = XCSwiftPackageProductDependency;
			package = 386DBDA72C12BA8900FE3A41 /* XCRemoteSwiftPackageReference "firebase-ios-sdk" */;
			productName = FirebaseRemoteConfigSwift;
		};
		38A4AA782C15AFB3004FE7FA /* FirebaseStorage */ = {
			isa = XCSwiftPackageProductDependency;
			package = 386DBDA72C12BA8900FE3A41 /* XCRemoteSwiftPackageReference "firebase-ios-sdk" */;
			productName = FirebaseStorage;
		};
		38A4AA7A2C15AFB3004FE7FA /* FirebaseStorageCombine-Community */ = {
			isa = XCSwiftPackageProductDependency;
			package = 386DBDA72C12BA8900FE3A41 /* XCRemoteSwiftPackageReference "firebase-ios-sdk" */;
			productName = "FirebaseStorageCombine-Community";
		};
/* End XCSwiftPackageProductDependency section */
	};
	rootObject = 386DBD8C2C12B88B00FE3A41 /* Project object */;
}
