// !$*UTF8*$!
{
	archiveVersion = 1;
	classes = {
	};
	objectVersion = 56;
	objects = {

/* Begin PBXBuildFile section */
		3810345C2C3BD6B9003865AC /* DrinksAdministrationCostumButton.swift in Sources */ = {isa = PBXBuildFile; fileRef = 3810345B2C3BD6B9003865AC /* DrinksAdministrationCostumButton.swift */; };
		3810345F2C3BD788003865AC /* Progressbar.swift in Sources */ = {isa = PBXBuildFile; fileRef = 3810345E2C3BD788003865AC /* Progressbar.swift */; };
		381034612C3BD7ED003865AC /* EmptyIntakesView.swift in Sources */ = {isa = PBXBuildFile; fileRef = 381034602C3BD7ED003865AC /* EmptyIntakesView.swift */; };
		381034662C3BD908003865AC /* InfoView.swift in Sources */ = {isa = PBXBuildFile; fileRef = 381034652C3BD908003865AC /* InfoView.swift */; };
		3810346D2C3BDB1D003865AC /* AddIntakeView.swift in Sources */ = {isa = PBXBuildFile; fileRef = 3810346C2C3BDB1D003865AC /* AddIntakeView.swift */; };
		381034702C3BDBF2003865AC /* DrinksAdministrationSettingsView.swift in Sources */ = {isa = PBXBuildFile; fileRef = 3810346F2C3BDBF2003865AC /* DrinksAdministrationSettingsView.swift */; };
		381034732C3BDC41003865AC /* IntakeRowView.swift in Sources */ = {isa = PBXBuildFile; fileRef = 381034722C3BDC41003865AC /* IntakeRowView.swift */; };
		3810347A2C3BE116003865AC /* UserDefaultKeys.swift in Sources */ = {isa = PBXBuildFile; fileRef = 381034792C3BE116003865AC /* UserDefaultKeys.swift */; };
		3810347D2C3BE2FF003865AC /* DateHelper.swift in Sources */ = {isa = PBXBuildFile; fileRef = 3810347C2C3BE2FF003865AC /* DateHelper.swift */; };
		3836C2792C2574B40030D13A /* MealAdministrationViewModel.swift in Sources */ = {isa = PBXBuildFile; fileRef = 3836C2782C2574B40030D13A /* MealAdministrationViewModel.swift */; };
		3836C27E2C2574E70030D13A /* Meal.swift in Sources */ = {isa = PBXBuildFile; fileRef = 3836C27D2C2574E70030D13A /* Meal.swift */; };
		3836C2802C2575680030D13A /* AddMealSheetView.swift in Sources */ = {isa = PBXBuildFile; fileRef = 3836C27F2C2575680030D13A /* AddMealSheetView.swift */; };
		3836C2862C2575E50030D13A /* ImagePicker.swift in Sources */ = {isa = PBXBuildFile; fileRef = 3836C2852C2575E50030D13A /* ImagePicker.swift */; };
		3836C28A2C25763A0030D13A /* MealCardView.swift in Sources */ = {isa = PBXBuildFile; fileRef = 3836C2892C25763A0030D13A /* MealCardView.swift */; };
		3836C28E2C2586A70030D13A /* Weekday.swift in Sources */ = {isa = PBXBuildFile; fileRef = 3836C28D2C2586A70030D13A /* Weekday.swift */; };
		3836C2922C25C3660030D13A /* Date.swift in Sources */ = {isa = PBXBuildFile; fileRef = 3836C2912C25C3660030D13A /* Date.swift */; };
		3855EF952C16F9650037B169 /* HomeViewModel.swift in Sources */ = {isa = PBXBuildFile; fileRef = 3855EF942C16F9650037B169 /* HomeViewModel.swift */; };
		3855EF972C16FD1A0037B169 /* TimePeriod.swift in Sources */ = {isa = PBXBuildFile; fileRef = 3855EF962C16FD1A0037B169 /* TimePeriod.swift */; };
		3855EF992C16FEF40037B169 /* AdministrationViewButton.swift in Sources */ = {isa = PBXBuildFile; fileRef = 3855EF982C16FEF40037B169 /* AdministrationViewButton.swift */; };
		3855EF9B2C16FF2A0037B169 /* EmergencyCallButton.swift in Sources */ = {isa = PBXBuildFile; fileRef = 3855EF9A2C16FF2A0037B169 /* EmergencyCallButton.swift */; };
		3855EF9E2C1704000037B169 /* Calendar.swift in Sources */ = {isa = PBXBuildFile; fileRef = 3855EF9D2C1704000037B169 /* Calendar.swift */; };
		3855EFA22C1736600037B169 /* PasswordField.swift in Sources */ = {isa = PBXBuildFile; fileRef = 3855EFA12C1736600037B169 /* PasswordField.swift */; };
		38630DEF2C1AD9BA002671BD /* MedicationAdministrationViewModel.swift in Sources */ = {isa = PBXBuildFile; fileRef = 38630DEE2C1AD9BA002671BD /* MedicationAdministrationViewModel.swift */; };
		38630DF12C1ADA1C002671BD /* CostumAddButton.swift in Sources */ = {isa = PBXBuildFile; fileRef = 38630DF02C1ADA1C002671BD /* CostumAddButton.swift */; };
		38630DF72C1ADD03002671BD /* Medication.swift in Sources */ = {isa = PBXBuildFile; fileRef = 38630DF62C1ADD03002671BD /* Medication.swift */; };
		38630DFA2C1ADD61002671BD /* MedicationCardView.swift in Sources */ = {isa = PBXBuildFile; fileRef = 38630DF92C1ADD61002671BD /* MedicationCardView.swift */; };
		38630DFF2C1B218E002671BD /* AddMedicationSheetView.swift in Sources */ = {isa = PBXBuildFile; fileRef = 38630DFE2C1B218E002671BD /* AddMedicationSheetView.swift */; };
		38630E032C1B27D8002671BD /* EditMedicationSheetView.swift in Sources */ = {isa = PBXBuildFile; fileRef = 38630E022C1B27D8002671BD /* EditMedicationSheetView.swift */; };
		386D8E522C1EC55400FA151C /* LogoutButton.swift in Sources */ = {isa = PBXBuildFile; fileRef = 386D8E512C1EC55400FA151C /* LogoutButton.swift */; };
		386D8E542C1EC5DB00FA151C /* SaveEmergencyContactButton.swift in Sources */ = {isa = PBXBuildFile; fileRef = 386D8E532C1EC5DB00FA151C /* SaveEmergencyContactButton.swift */; };
		386DBD982C12B88B00FE3A41 /* MediGuardApp.swift in Sources */ = {isa = PBXBuildFile; fileRef = 386DBD972C12B88B00FE3A41 /* MediGuardApp.swift */; };
		386DBD9C2C12B88C00FE3A41 /* Assets.xcassets in Resources */ = {isa = PBXBuildFile; fileRef = 386DBD9B2C12B88C00FE3A41 /* Assets.xcassets */; };
		386DBD9F2C12B88C00FE3A41 /* Preview Assets.xcassets in Resources */ = {isa = PBXBuildFile; fileRef = 386DBD9E2C12B88C00FE3A41 /* Preview Assets.xcassets */; };
		386DBDA62C12B93200FE3A41 /* GoogleService-Info.plist in Resources */ = {isa = PBXBuildFile; fileRef = 386DBDA52C12B93200FE3A41 /* GoogleService-Info.plist */; };
		386DBDCC2C12C28100FE3A41 /* FirebaseManager.swift in Sources */ = {isa = PBXBuildFile; fileRef = 386DBDCB2C12C28100FE3A41 /* FirebaseManager.swift */; };
		386DBDCE2C12D88B00FE3A41 /* FireUser.swift in Sources */ = {isa = PBXBuildFile; fileRef = 386DBDCD2C12D88B00FE3A41 /* FireUser.swift */; };
		386DBDD02C12DABF00FE3A41 /* UserViewModel.swift in Sources */ = {isa = PBXBuildFile; fileRef = 386DBDCF2C12DABF00FE3A41 /* UserViewModel.swift */; };
		386DBDE32C12E27800FE3A41 /* AuthenticationView.swift in Sources */ = {isa = PBXBuildFile; fileRef = 386DBDE22C12E27800FE3A41 /* AuthenticationView.swift */; };
		386DBDE52C12E29700FE3A41 /* AuthButton.swift in Sources */ = {isa = PBXBuildFile; fileRef = 386DBDE42C12E29700FE3A41 /* AuthButton.swift */; };
		386DBDE72C12E2A100FE3A41 /* AuthModeSwitchButton.swift in Sources */ = {isa = PBXBuildFile; fileRef = 386DBDE62C12E2A100FE3A41 /* AuthModeSwitchButton.swift */; };
		386DBDE92C12E2D300FE3A41 /* AuthenticationMode.swift in Sources */ = {isa = PBXBuildFile; fileRef = 386DBDE82C12E2D300FE3A41 /* AuthenticationMode.swift */; };
		386DBDEE2C130BCF00FE3A41 /* HomeView.swift in Sources */ = {isa = PBXBuildFile; fileRef = 386DBDED2C130BCF00FE3A41 /* HomeView.swift */; };
		3886F3562C1800F6004C3203 /* MedicationAdiminstrationView.swift in Sources */ = {isa = PBXBuildFile; fileRef = 3886F3552C1800F6004C3203 /* MedicationAdiminstrationView.swift */; };
		3886F3582C18026F004C3203 /* SettingsButton.swift in Sources */ = {isa = PBXBuildFile; fileRef = 3886F3572C18026F004C3203 /* SettingsButton.swift */; };
		3886F35A2C18350A004C3203 /* SettingsView.swift in Sources */ = {isa = PBXBuildFile; fileRef = 3886F3592C18350A004C3203 /* SettingsView.swift */; };
		3886F35F2C184271004C3203 /* SettingsViewModel.swift in Sources */ = {isa = PBXBuildFile; fileRef = 3886F35E2C184271004C3203 /* SettingsViewModel.swift */; };
		3886F3612C18815B004C3203 /* CostumBackButton.swift in Sources */ = {isa = PBXBuildFile; fileRef = 3886F3602C18815B004C3203 /* CostumBackButton.swift */; };
		3886F36B2C188AF0004C3203 /* MealAdministrationView.swift in Sources */ = {isa = PBXBuildFile; fileRef = 3886F36A2C188AF0004C3203 /* MealAdministrationView.swift */; };
		3886F36D2C188B01004C3203 /* DrinksAdministrationView.swift in Sources */ = {isa = PBXBuildFile; fileRef = 3886F36C2C188B01004C3203 /* DrinksAdministrationView.swift */; };
		388827192C2D1E81009D2FC3 /* ValidationError.swift in Sources */ = {isa = PBXBuildFile; fileRef = 388827182C2D1E81009D2FC3 /* ValidationError.swift */; };
		388C1D432C30172F00191A7C /* PredefinedMedicationTime.swift in Sources */ = {isa = PBXBuildFile; fileRef = 388C1D422C30172F00191A7C /* PredefinedMedicationTime.swift */; };
		38A4AA4F2C15AFB3004FE7FA /* FirebaseAnalytics in Frameworks */ = {isa = PBXBuildFile; productRef = 38A4AA4E2C15AFB3004FE7FA /* FirebaseAnalytics */; };
		38A4AA512C15AFB3004FE7FA /* FirebaseAnalyticsOnDeviceConversion in Frameworks */ = {isa = PBXBuildFile; productRef = 38A4AA502C15AFB3004FE7FA /* FirebaseAnalyticsOnDeviceConversion */; };
		38A4AA532C15AFB3004FE7FA /* FirebaseAnalyticsSwift in Frameworks */ = {isa = PBXBuildFile; productRef = 38A4AA522C15AFB3004FE7FA /* FirebaseAnalyticsSwift */; };
		38A4AA552C15AFB3004FE7FA /* FirebaseAnalyticsWithoutAdIdSupport in Frameworks */ = {isa = PBXBuildFile; productRef = 38A4AA542C15AFB3004FE7FA /* FirebaseAnalyticsWithoutAdIdSupport */; };
		38A4AA572C15AFB3004FE7FA /* FirebaseAppCheck in Frameworks */ = {isa = PBXBuildFile; productRef = 38A4AA562C15AFB3004FE7FA /* FirebaseAppCheck */; };
		38A4AA592C15AFB3004FE7FA /* FirebaseAppDistribution-Beta in Frameworks */ = {isa = PBXBuildFile; productRef = 38A4AA582C15AFB3004FE7FA /* FirebaseAppDistribution-Beta */; };
		38A4AA5B2C15AFB3004FE7FA /* FirebaseAuth in Frameworks */ = {isa = PBXBuildFile; productRef = 38A4AA5A2C15AFB3004FE7FA /* FirebaseAuth */; };
		38A4AA5D2C15AFB3004FE7FA /* FirebaseAuthCombine-Community in Frameworks */ = {isa = PBXBuildFile; productRef = 38A4AA5C2C15AFB3004FE7FA /* FirebaseAuthCombine-Community */; };
		38A4AA5F2C15AFB3004FE7FA /* FirebaseCrashlytics in Frameworks */ = {isa = PBXBuildFile; productRef = 38A4AA5E2C15AFB3004FE7FA /* FirebaseCrashlytics */; };
		38A4AA612C15AFB3004FE7FA /* FirebaseDatabase in Frameworks */ = {isa = PBXBuildFile; productRef = 38A4AA602C15AFB3004FE7FA /* FirebaseDatabase */; };
		38A4AA632C15AFB3004FE7FA /* FirebaseDatabaseSwift in Frameworks */ = {isa = PBXBuildFile; productRef = 38A4AA622C15AFB3004FE7FA /* FirebaseDatabaseSwift */; };
		38A4AA652C15AFB3004FE7FA /* FirebaseDynamicLinks in Frameworks */ = {isa = PBXBuildFile; productRef = 38A4AA642C15AFB3004FE7FA /* FirebaseDynamicLinks */; };
		38A4AA672C15AFB3004FE7FA /* FirebaseFirestore in Frameworks */ = {isa = PBXBuildFile; productRef = 38A4AA662C15AFB3004FE7FA /* FirebaseFirestore */; };
		38A4AA692C15AFB3004FE7FA /* FirebaseFirestoreCombine-Community in Frameworks */ = {isa = PBXBuildFile; productRef = 38A4AA682C15AFB3004FE7FA /* FirebaseFirestoreCombine-Community */; };
		38A4AA6B2C15AFB3004FE7FA /* FirebaseFirestoreSwift in Frameworks */ = {isa = PBXBuildFile; productRef = 38A4AA6A2C15AFB3004FE7FA /* FirebaseFirestoreSwift */; };
		38A4AA6D2C15AFB3004FE7FA /* FirebaseFunctions in Frameworks */ = {isa = PBXBuildFile; productRef = 38A4AA6C2C15AFB3004FE7FA /* FirebaseFunctions */; };
		38A4AA6F2C15AFB3004FE7FA /* FirebaseFunctionsCombine-Community in Frameworks */ = {isa = PBXBuildFile; productRef = 38A4AA6E2C15AFB3004FE7FA /* FirebaseFunctionsCombine-Community */; };
		38A4AA712C15AFB3004FE7FA /* FirebaseInstallations in Frameworks */ = {isa = PBXBuildFile; productRef = 38A4AA702C15AFB3004FE7FA /* FirebaseInstallations */; };
		38A4AA732C15AFB3004FE7FA /* FirebasePerformance in Frameworks */ = {isa = PBXBuildFile; productRef = 38A4AA722C15AFB3004FE7FA /* FirebasePerformance */; };
		38A4AA752C15AFB3004FE7FA /* FirebaseRemoteConfig in Frameworks */ = {isa = PBXBuildFile; productRef = 38A4AA742C15AFB3004FE7FA /* FirebaseRemoteConfig */; };
		38A4AA772C15AFB3004FE7FA /* FirebaseRemoteConfigSwift in Frameworks */ = {isa = PBXBuildFile; productRef = 38A4AA762C15AFB3004FE7FA /* FirebaseRemoteConfigSwift */; };
		38A4AA792C15AFB3004FE7FA /* FirebaseStorage in Frameworks */ = {isa = PBXBuildFile; productRef = 38A4AA782C15AFB3004FE7FA /* FirebaseStorage */; };
		38A4AA7B2C15AFB3004FE7FA /* FirebaseStorageCombine-Community in Frameworks */ = {isa = PBXBuildFile; productRef = 38A4AA7A2C15AFB3004FE7FA /* FirebaseStorageCombine-Community */; };
		38A59EEF2C42619A003B6E49 /* MealDocumentationButton.swift in Sources */ = {isa = PBXBuildFile; fileRef = 38A59EEE2C42619A003B6E49 /* MealDocumentationButton.swift */; };
		38A59EF42C427BDD003B6E49 /* HugeTitleModifier.swift in Sources */ = {isa = PBXBuildFile; fileRef = 38A59EF32C427BDD003B6E49 /* HugeTitleModifier.swift */; };
		38A88A0E2C21390B0063ACEA /* MedicationColor.swift in Sources */ = {isa = PBXBuildFile; fileRef = 38A88A0D2C21390B0063ACEA /* MedicationColor.swift */; };
		38A88A5B2C21708A0063ACEA /* Fonts.swift in Sources */ = {isa = PBXBuildFile; fileRef = 38A88A5A2C21708A0063ACEA /* Fonts.swift */; };
		38A8922B2C412E5E00FE89CE /* Ubuntu-LightItalic.ttf in Resources */ = {isa = PBXBuildFile; fileRef = 38A892232C412E5E00FE89CE /* Ubuntu-LightItalic.ttf */; };
		38A8922C2C412E5E00FE89CE /* Ubuntu-Italic.ttf in Resources */ = {isa = PBXBuildFile; fileRef = 38A892242C412E5E00FE89CE /* Ubuntu-Italic.ttf */; };
		38A8922D2C412E5E00FE89CE /* Ubuntu-Light.ttf in Resources */ = {isa = PBXBuildFile; fileRef = 38A892252C412E5E00FE89CE /* Ubuntu-Light.ttf */; };
		38A8922E2C412E5E00FE89CE /* Ubuntu-Medium.ttf in Resources */ = {isa = PBXBuildFile; fileRef = 38A892262C412E5E00FE89CE /* Ubuntu-Medium.ttf */; };
		38A8922F2C412E5E00FE89CE /* Ubuntu-MediumItalic.ttf in Resources */ = {isa = PBXBuildFile; fileRef = 38A892272C412E5E00FE89CE /* Ubuntu-MediumItalic.ttf */; };
		38A892302C412E5E00FE89CE /* Ubuntu-Regular.ttf in Resources */ = {isa = PBXBuildFile; fileRef = 38A892282C412E5E00FE89CE /* Ubuntu-Regular.ttf */; };
		38A892312C412E5E00FE89CE /* Ubuntu-Bold.ttf in Resources */ = {isa = PBXBuildFile; fileRef = 38A892292C412E5E00FE89CE /* Ubuntu-Bold.ttf */; };
		38A892322C412E5E00FE89CE /* Ubuntu-BoldItalic.ttf in Resources */ = {isa = PBXBuildFile; fileRef = 38A8922A2C412E5E00FE89CE /* Ubuntu-BoldItalic.ttf */; };
		38A8A29E2C1445CD00950F82 /* AuthenticationError.swift in Sources */ = {isa = PBXBuildFile; fileRef = 38A8A29D2C1445CD00950F82 /* AuthenticationError.swift */; };
		38D0E7C42C3E97B100EE2A0A /* IntakeTypeColor.swift in Sources */ = {isa = PBXBuildFile; fileRef = 38D0E7C32C3E97B100EE2A0A /* IntakeTypeColor.swift */; };
		38D0E7C72C3EBB3D00EE2A0A /* DrinksDocumentationView.swift in Sources */ = {isa = PBXBuildFile; fileRef = 38D0E7C62C3EBB3D00EE2A0A /* DrinksDocumentationView.swift */; };
		38D0E7CB2C3EBBD300EE2A0A /* DrinksDocumentationViewModel.swift in Sources */ = {isa = PBXBuildFile; fileRef = 38D0E7CA2C3EBBD300EE2A0A /* DrinksDocumentationViewModel.swift */; };
		38D0E7D12C3EBCD000EE2A0A /* Week.swift in Sources */ = {isa = PBXBuildFile; fileRef = 38D0E7D02C3EBCD000EE2A0A /* Week.swift */; };
		38D2BBAC2C22A223002E62E2 /* DosageUnit.swift in Sources */ = {isa = PBXBuildFile; fileRef = 38D2BBAB2C22A223002E62E2 /* DosageUnit.swift */; };
		38D6E3AA2C38029600589F72 /* PastWeek.swift in Sources */ = {isa = PBXBuildFile; fileRef = 38D6E3A92C38029600589F72 /* PastWeek.swift */; };
		38D6E3AE2C38066F00589F72 /* MealDocumentationViewModel.swift in Sources */ = {isa = PBXBuildFile; fileRef = 38D6E3AD2C38066F00589F72 /* MealDocumentationViewModel.swift */; };
		38D6E3B42C3806F300589F72 /* MealDocumentationView.swift in Sources */ = {isa = PBXBuildFile; fileRef = 38D6E3B32C3806F300589F72 /* MealDocumentationView.swift */; };
		38E8A7AE2C32A545005BB28A /* Intake.swift in Sources */ = {isa = PBXBuildFile; fileRef = 38E8A7AD2C32A545005BB28A /* Intake.swift */; };
		38E8A7B12C32A643005BB28A /* DrinksAdministrationViewModel.swift in Sources */ = {isa = PBXBuildFile; fileRef = 38E8A7B02C32A643005BB28A /* DrinksAdministrationViewModel.swift */; };
/* End PBXBuildFile section */

/* Begin PBXFileReference section */
		3810345B2C3BD6B9003865AC /* DrinksAdministrationCostumButton.swift */ = {isa = PBXFileReference; lastKnownFileType = sourcecode.swift; path = DrinksAdministrationCostumButton.swift; sourceTree = "<group>"; };
		3810345E2C3BD788003865AC /* Progressbar.swift */ = {isa = PBXFileReference; lastKnownFileType = sourcecode.swift; path = Progressbar.swift; sourceTree = "<group>"; };
		381034602C3BD7ED003865AC /* EmptyIntakesView.swift */ = {isa = PBXFileReference; lastKnownFileType = sourcecode.swift; path = EmptyIntakesView.swift; sourceTree = "<group>"; };
		381034652C3BD908003865AC /* InfoView.swift */ = {isa = PBXFileReference; lastKnownFileType = sourcecode.swift; path = InfoView.swift; sourceTree = "<group>"; };
		3810346C2C3BDB1D003865AC /* AddIntakeView.swift */ = {isa = PBXFileReference; lastKnownFileType = sourcecode.swift; path = AddIntakeView.swift; sourceTree = "<group>"; };
		3810346F2C3BDBF2003865AC /* DrinksAdministrationSettingsView.swift */ = {isa = PBXFileReference; lastKnownFileType = sourcecode.swift; path = DrinksAdministrationSettingsView.swift; sourceTree = "<group>"; };
		381034722C3BDC41003865AC /* IntakeRowView.swift */ = {isa = PBXFileReference; lastKnownFileType = sourcecode.swift; path = IntakeRowView.swift; sourceTree = "<group>"; };
		381034792C3BE116003865AC /* UserDefaultKeys.swift */ = {isa = PBXFileReference; lastKnownFileType = sourcecode.swift; path = UserDefaultKeys.swift; sourceTree = "<group>"; };
		3810347C2C3BE2FF003865AC /* DateHelper.swift */ = {isa = PBXFileReference; lastKnownFileType = sourcecode.swift; path = DateHelper.swift; sourceTree = "<group>"; };
		3836C2782C2574B40030D13A /* MealAdministrationViewModel.swift */ = {isa = PBXFileReference; lastKnownFileType = sourcecode.swift; path = MealAdministrationViewModel.swift; sourceTree = "<group>"; };
		3836C27D2C2574E70030D13A /* Meal.swift */ = {isa = PBXFileReference; lastKnownFileType = sourcecode.swift; path = Meal.swift; sourceTree = "<group>"; };
		3836C27F2C2575680030D13A /* AddMealSheetView.swift */ = {isa = PBXFileReference; lastKnownFileType = sourcecode.swift; path = AddMealSheetView.swift; sourceTree = "<group>"; };
		3836C2852C2575E50030D13A /* ImagePicker.swift */ = {isa = PBXFileReference; lastKnownFileType = sourcecode.swift; path = ImagePicker.swift; sourceTree = "<group>"; };
		3836C2892C25763A0030D13A /* MealCardView.swift */ = {isa = PBXFileReference; lastKnownFileType = sourcecode.swift; path = MealCardView.swift; sourceTree = "<group>"; };
		3836C28D2C2586A70030D13A /* Weekday.swift */ = {isa = PBXFileReference; lastKnownFileType = sourcecode.swift; path = Weekday.swift; sourceTree = "<group>"; };
		3836C2912C25C3660030D13A /* Date.swift */ = {isa = PBXFileReference; lastKnownFileType = sourcecode.swift; path = Date.swift; sourceTree = "<group>"; };
		3855EF942C16F9650037B169 /* HomeViewModel.swift */ = {isa = PBXFileReference; lastKnownFileType = sourcecode.swift; path = HomeViewModel.swift; sourceTree = "<group>"; };
		3855EF962C16FD1A0037B169 /* TimePeriod.swift */ = {isa = PBXFileReference; lastKnownFileType = sourcecode.swift; path = TimePeriod.swift; sourceTree = "<group>"; };
		3855EF982C16FEF40037B169 /* AdministrationViewButton.swift */ = {isa = PBXFileReference; lastKnownFileType = sourcecode.swift; path = AdministrationViewButton.swift; sourceTree = "<group>"; };
		3855EF9A2C16FF2A0037B169 /* EmergencyCallButton.swift */ = {isa = PBXFileReference; lastKnownFileType = sourcecode.swift; path = EmergencyCallButton.swift; sourceTree = "<group>"; };
		3855EF9D2C1704000037B169 /* Calendar.swift */ = {isa = PBXFileReference; lastKnownFileType = sourcecode.swift; path = Calendar.swift; sourceTree = "<group>"; };
		3855EFA12C1736600037B169 /* PasswordField.swift */ = {isa = PBXFileReference; lastKnownFileType = sourcecode.swift; path = PasswordField.swift; sourceTree = "<group>"; };
		38630DEE2C1AD9BA002671BD /* MedicationAdministrationViewModel.swift */ = {isa = PBXFileReference; lastKnownFileType = sourcecode.swift; path = MedicationAdministrationViewModel.swift; sourceTree = "<group>"; };
		38630DF02C1ADA1C002671BD /* CostumAddButton.swift */ = {isa = PBXFileReference; lastKnownFileType = sourcecode.swift; path = CostumAddButton.swift; sourceTree = "<group>"; };
		38630DF62C1ADD03002671BD /* Medication.swift */ = {isa = PBXFileReference; lastKnownFileType = sourcecode.swift; path = Medication.swift; sourceTree = "<group>"; };
		38630DF92C1ADD61002671BD /* MedicationCardView.swift */ = {isa = PBXFileReference; lastKnownFileType = sourcecode.swift; path = MedicationCardView.swift; sourceTree = "<group>"; };
		38630DFE2C1B218E002671BD /* AddMedicationSheetView.swift */ = {isa = PBXFileReference; lastKnownFileType = sourcecode.swift; path = AddMedicationSheetView.swift; sourceTree = "<group>"; };
		38630E022C1B27D8002671BD /* EditMedicationSheetView.swift */ = {isa = PBXFileReference; lastKnownFileType = sourcecode.swift; path = EditMedicationSheetView.swift; sourceTree = "<group>"; };
		386D8E512C1EC55400FA151C /* LogoutButton.swift */ = {isa = PBXFileReference; lastKnownFileType = sourcecode.swift; path = LogoutButton.swift; sourceTree = "<group>"; };
		386D8E532C1EC5DB00FA151C /* SaveEmergencyContactButton.swift */ = {isa = PBXFileReference; lastKnownFileType = sourcecode.swift; path = SaveEmergencyContactButton.swift; sourceTree = "<group>"; };
		386DBD942C12B88B00FE3A41 /* MediGuard.app */ = {isa = PBXFileReference; explicitFileType = wrapper.application; includeInIndex = 0; path = MediGuard.app; sourceTree = BUILT_PRODUCTS_DIR; };
		386DBD972C12B88B00FE3A41 /* MediGuardApp.swift */ = {isa = PBXFileReference; lastKnownFileType = sourcecode.swift; path = MediGuardApp.swift; sourceTree = "<group>"; };
		386DBD9B2C12B88C00FE3A41 /* Assets.xcassets */ = {isa = PBXFileReference; lastKnownFileType = folder.assetcatalog; path = Assets.xcassets; sourceTree = "<group>"; };
		386DBD9E2C12B88C00FE3A41 /* Preview Assets.xcassets */ = {isa = PBXFileReference; lastKnownFileType = folder.assetcatalog; path = "Preview Assets.xcassets"; sourceTree = "<group>"; };
		386DBDA52C12B93200FE3A41 /* GoogleService-Info.plist */ = {isa = PBXFileReference; fileEncoding = 4; lastKnownFileType = text.plist.xml; path = "GoogleService-Info.plist"; sourceTree = "<group>"; };
		386DBDCB2C12C28100FE3A41 /* FirebaseManager.swift */ = {isa = PBXFileReference; lastKnownFileType = sourcecode.swift; path = FirebaseManager.swift; sourceTree = "<group>"; };
		386DBDCD2C12D88B00FE3A41 /* FireUser.swift */ = {isa = PBXFileReference; lastKnownFileType = sourcecode.swift; path = FireUser.swift; sourceTree = "<group>"; };
		386DBDCF2C12DABF00FE3A41 /* UserViewModel.swift */ = {isa = PBXFileReference; lastKnownFileType = sourcecode.swift; path = UserViewModel.swift; sourceTree = "<group>"; };
		386DBDE22C12E27800FE3A41 /* AuthenticationView.swift */ = {isa = PBXFileReference; lastKnownFileType = sourcecode.swift; path = AuthenticationView.swift; sourceTree = "<group>"; };
		386DBDE42C12E29700FE3A41 /* AuthButton.swift */ = {isa = PBXFileReference; lastKnownFileType = sourcecode.swift; path = AuthButton.swift; sourceTree = "<group>"; };
		386DBDE62C12E2A100FE3A41 /* AuthModeSwitchButton.swift */ = {isa = PBXFileReference; lastKnownFileType = sourcecode.swift; path = AuthModeSwitchButton.swift; sourceTree = "<group>"; };
		386DBDE82C12E2D300FE3A41 /* AuthenticationMode.swift */ = {isa = PBXFileReference; lastKnownFileType = sourcecode.swift; path = AuthenticationMode.swift; sourceTree = "<group>"; };
		386DBDED2C130BCF00FE3A41 /* HomeView.swift */ = {isa = PBXFileReference; lastKnownFileType = sourcecode.swift; path = HomeView.swift; sourceTree = "<group>"; };
		3886F3552C1800F6004C3203 /* MedicationAdiminstrationView.swift */ = {isa = PBXFileReference; lastKnownFileType = sourcecode.swift; path = MedicationAdiminstrationView.swift; sourceTree = "<group>"; };
		3886F3572C18026F004C3203 /* SettingsButton.swift */ = {isa = PBXFileReference; lastKnownFileType = sourcecode.swift; path = SettingsButton.swift; sourceTree = "<group>"; };
		3886F3592C18350A004C3203 /* SettingsView.swift */ = {isa = PBXFileReference; lastKnownFileType = sourcecode.swift; path = SettingsView.swift; sourceTree = "<group>"; };
		3886F35E2C184271004C3203 /* SettingsViewModel.swift */ = {isa = PBXFileReference; lastKnownFileType = sourcecode.swift; path = SettingsViewModel.swift; sourceTree = "<group>"; };
		3886F3602C18815B004C3203 /* CostumBackButton.swift */ = {isa = PBXFileReference; lastKnownFileType = sourcecode.swift; path = CostumBackButton.swift; sourceTree = "<group>"; };
		3886F36A2C188AF0004C3203 /* MealAdministrationView.swift */ = {isa = PBXFileReference; lastKnownFileType = sourcecode.swift; path = MealAdministrationView.swift; sourceTree = "<group>"; };
		3886F36C2C188B01004C3203 /* DrinksAdministrationView.swift */ = {isa = PBXFileReference; lastKnownFileType = sourcecode.swift; path = DrinksAdministrationView.swift; sourceTree = "<group>"; };
		388827182C2D1E81009D2FC3 /* ValidationError.swift */ = {isa = PBXFileReference; lastKnownFileType = sourcecode.swift; path = ValidationError.swift; sourceTree = "<group>"; };
		388C1D422C30172F00191A7C /* PredefinedMedicationTime.swift */ = {isa = PBXFileReference; lastKnownFileType = sourcecode.swift; path = PredefinedMedicationTime.swift; sourceTree = "<group>"; };
		38A59EEE2C42619A003B6E49 /* MealDocumentationButton.swift */ = {isa = PBXFileReference; lastKnownFileType = sourcecode.swift; path = MealDocumentationButton.swift; sourceTree = "<group>"; };
		38A59EF32C427BDD003B6E49 /* HugeTitleModifier.swift */ = {isa = PBXFileReference; lastKnownFileType = sourcecode.swift; path = HugeTitleModifier.swift; sourceTree = "<group>"; };
		38A88A0D2C21390B0063ACEA /* MedicationColor.swift */ = {isa = PBXFileReference; lastKnownFileType = sourcecode.swift; path = MedicationColor.swift; sourceTree = "<group>"; };
		38A88A572C216F9D0063ACEA /* Info.plist */ = {isa = PBXFileReference; lastKnownFileType = text.plist; path = Info.plist; sourceTree = "<group>"; };
		38A88A5A2C21708A0063ACEA /* Fonts.swift */ = {isa = PBXFileReference; lastKnownFileType = sourcecode.swift; path = Fonts.swift; sourceTree = "<group>"; };
		38A892232C412E5E00FE89CE /* Ubuntu-LightItalic.ttf */ = {isa = PBXFileReference; lastKnownFileType = file; path = "Ubuntu-LightItalic.ttf"; sourceTree = "<group>"; };
		38A892242C412E5E00FE89CE /* Ubuntu-Italic.ttf */ = {isa = PBXFileReference; lastKnownFileType = file; path = "Ubuntu-Italic.ttf"; sourceTree = "<group>"; };
		38A892252C412E5E00FE89CE /* Ubuntu-Light.ttf */ = {isa = PBXFileReference; lastKnownFileType = file; path = "Ubuntu-Light.ttf"; sourceTree = "<group>"; };
		38A892262C412E5E00FE89CE /* Ubuntu-Medium.ttf */ = {isa = PBXFileReference; lastKnownFileType = file; path = "Ubuntu-Medium.ttf"; sourceTree = "<group>"; };
		38A892272C412E5E00FE89CE /* Ubuntu-MediumItalic.ttf */ = {isa = PBXFileReference; lastKnownFileType = file; path = "Ubuntu-MediumItalic.ttf"; sourceTree = "<group>"; };
		38A892282C412E5E00FE89CE /* Ubuntu-Regular.ttf */ = {isa = PBXFileReference; lastKnownFileType = file; path = "Ubuntu-Regular.ttf"; sourceTree = "<group>"; };
		38A892292C412E5E00FE89CE /* Ubuntu-Bold.ttf */ = {isa = PBXFileReference; lastKnownFileType = file; path = "Ubuntu-Bold.ttf"; sourceTree = "<group>"; };
		38A8922A2C412E5E00FE89CE /* Ubuntu-BoldItalic.ttf */ = {isa = PBXFileReference; lastKnownFileType = file; path = "Ubuntu-BoldItalic.ttf"; sourceTree = "<group>"; };
		38A8A29D2C1445CD00950F82 /* AuthenticationError.swift */ = {isa = PBXFileReference; lastKnownFileType = sourcecode.swift; path = AuthenticationError.swift; sourceTree = "<group>"; };
		38D0E7C32C3E97B100EE2A0A /* IntakeTypeColor.swift */ = {isa = PBXFileReference; lastKnownFileType = sourcecode.swift; path = IntakeTypeColor.swift; sourceTree = "<group>"; };
		38D0E7C62C3EBB3D00EE2A0A /* DrinksDocumentationView.swift */ = {isa = PBXFileReference; lastKnownFileType = sourcecode.swift; path = DrinksDocumentationView.swift; sourceTree = "<group>"; };
		38D0E7CA2C3EBBD300EE2A0A /* DrinksDocumentationViewModel.swift */ = {isa = PBXFileReference; lastKnownFileType = sourcecode.swift; path = DrinksDocumentationViewModel.swift; sourceTree = "<group>"; };
		38D0E7D02C3EBCD000EE2A0A /* Week.swift */ = {isa = PBXFileReference; lastKnownFileType = sourcecode.swift; path = Week.swift; sourceTree = "<group>"; };
		38D2BBAB2C22A223002E62E2 /* DosageUnit.swift */ = {isa = PBXFileReference; lastKnownFileType = sourcecode.swift; path = DosageUnit.swift; sourceTree = "<group>"; };
		38D6E3A92C38029600589F72 /* PastWeek.swift */ = {isa = PBXFileReference; lastKnownFileType = sourcecode.swift; path = PastWeek.swift; sourceTree = "<group>"; };
		38D6E3AD2C38066F00589F72 /* MealDocumentationViewModel.swift */ = {isa = PBXFileReference; lastKnownFileType = sourcecode.swift; path = MealDocumentationViewModel.swift; sourceTree = "<group>"; };
		38D6E3B32C3806F300589F72 /* MealDocumentationView.swift */ = {isa = PBXFileReference; lastKnownFileType = sourcecode.swift; path = MealDocumentationView.swift; sourceTree = "<group>"; };
		38E8A7AD2C32A545005BB28A /* Intake.swift */ = {isa = PBXFileReference; lastKnownFileType = sourcecode.swift; path = Intake.swift; sourceTree = "<group>"; };
		38E8A7B02C32A643005BB28A /* DrinksAdministrationViewModel.swift */ = {isa = PBXFileReference; lastKnownFileType = sourcecode.swift; path = DrinksAdministrationViewModel.swift; sourceTree = "<group>"; };
/* End PBXFileReference section */

/* Begin PBXFrameworksBuildPhase section */
		386DBD912C12B88B00FE3A41 /* Frameworks */ = {
			isa = PBXFrameworksBuildPhase;
			buildActionMask = 2147483647;
			files = (
				38A4AA612C15AFB3004FE7FA /* FirebaseDatabase in Frameworks */,
				38A4AA6F2C15AFB3004FE7FA /* FirebaseFunctionsCombine-Community in Frameworks */,
				38A4AA672C15AFB3004FE7FA /* FirebaseFirestore in Frameworks */,
				38A4AA7B2C15AFB3004FE7FA /* FirebaseStorageCombine-Community in Frameworks */,
				38A4AA772C15AFB3004FE7FA /* FirebaseRemoteConfigSwift in Frameworks */,
				38A4AA712C15AFB3004FE7FA /* FirebaseInstallations in Frameworks */,
				38A4AA532C15AFB3004FE7FA /* FirebaseAnalyticsSwift in Frameworks */,
				38A4AA4F2C15AFB3004FE7FA /* FirebaseAnalytics in Frameworks */,
				38A4AA512C15AFB3004FE7FA /* FirebaseAnalyticsOnDeviceConversion in Frameworks */,
				38A4AA6B2C15AFB3004FE7FA /* FirebaseFirestoreSwift in Frameworks */,
				38A4AA572C15AFB3004FE7FA /* FirebaseAppCheck in Frameworks */,
				38A4AA552C15AFB3004FE7FA /* FirebaseAnalyticsWithoutAdIdSupport in Frameworks */,
				38A4AA5B2C15AFB3004FE7FA /* FirebaseAuth in Frameworks */,
				38A4AA5F2C15AFB3004FE7FA /* FirebaseCrashlytics in Frameworks */,
				38A4AA632C15AFB3004FE7FA /* FirebaseDatabaseSwift in Frameworks */,
				38A4AA6D2C15AFB3004FE7FA /* FirebaseFunctions in Frameworks */,
				38A4AA732C15AFB3004FE7FA /* FirebasePerformance in Frameworks */,
				38A4AA592C15AFB3004FE7FA /* FirebaseAppDistribution-Beta in Frameworks */,
				38A4AA5D2C15AFB3004FE7FA /* FirebaseAuthCombine-Community in Frameworks */,
				38A4AA652C15AFB3004FE7FA /* FirebaseDynamicLinks in Frameworks */,
				38A4AA792C15AFB3004FE7FA /* FirebaseStorage in Frameworks */,
				38A4AA692C15AFB3004FE7FA /* FirebaseFirestoreCombine-Community in Frameworks */,
				38A4AA752C15AFB3004FE7FA /* FirebaseRemoteConfig in Frameworks */,
			);
			runOnlyForDeploymentPostprocessing = 0;
		};
/* End PBXFrameworksBuildPhase section */

/* Begin PBXGroup section */
		381034592C3BD508003865AC /* MainView */ = {
			isa = PBXGroup;
			children = (
				3886F36C2C188B01004C3203 /* DrinksAdministrationView.swift */,
			);
			path = MainView;
			sourceTree = "<group>";
		};
		3810345A2C3BD6AD003865AC /* Buttons */ = {
			isa = PBXGroup;
			children = (
				3810345B2C3BD6B9003865AC /* DrinksAdministrationCostumButton.swift */,
			);
			path = Buttons;
			sourceTree = "<group>";
		};
		3810345D2C3BD776003865AC /* View-Components */ = {
			isa = PBXGroup;
			children = (
				381034712C3BDC1F003865AC /* IntakeRowView */,
				381034632C3BD834003865AC /* HydrationEmptyView */,
				381034622C3BD82A003865AC /* Progressbar */,
			);
			path = "View-Components";
			sourceTree = "<group>";
		};
		381034622C3BD82A003865AC /* Progressbar */ = {
			isa = PBXGroup;
			children = (
				3810345E2C3BD788003865AC /* Progressbar.swift */,
			);
			path = Progressbar;
			sourceTree = "<group>";
		};
		381034632C3BD834003865AC /* HydrationEmptyView */ = {
			isa = PBXGroup;
			children = (
				381034602C3BD7ED003865AC /* EmptyIntakesView.swift */,
			);
			path = HydrationEmptyView;
			sourceTree = "<group>";
		};
		381034642C3BD8F1003865AC /* InfoView */ = {
			isa = PBXGroup;
			children = (
				381034652C3BD908003865AC /* InfoView.swift */,
			);
			path = InfoView;
			sourceTree = "<group>";
		};
		3810346E2C3BDBC9003865AC /* Settings */ = {
			isa = PBXGroup;
			children = (
				3810346F2C3BDBF2003865AC /* DrinksAdministrationSettingsView.swift */,
			);
			path = Settings;
			sourceTree = "<group>";
		};
		381034712C3BDC1F003865AC /* IntakeRowView */ = {
			isa = PBXGroup;
			children = (
				381034722C3BDC41003865AC /* IntakeRowView.swift */,
			);
			path = IntakeRowView;
			sourceTree = "<group>";
		};
		381034782C3BE102003865AC /* UserDefault */ = {
			isa = PBXGroup;
			children = (
				381034792C3BE116003865AC /* UserDefaultKeys.swift */,
			);
			path = UserDefault;
			sourceTree = "<group>";
		};
		3810347B2C3BE2F5003865AC /* Helper */ = {
			isa = PBXGroup;
			children = (
				3810347C2C3BE2FF003865AC /* DateHelper.swift */,
			);
			path = Helper;
			sourceTree = "<group>";
		};
		3836C27B2C2574D50030D13A /* Meal */ = {
			isa = PBXGroup;
			children = (
				3836C27C2C2574DD0030D13A /* Models */,
			);
			path = Meal;
			sourceTree = "<group>";
		};
		3836C27C2C2574DD0030D13A /* Models */ = {
			isa = PBXGroup;
			children = (
				38C0DA7D2C3A8D480016F846 /* Documentation */,
				38C0DA7C2C3A8D370016F846 /* Administration */,
			);
			path = Models;
			sourceTree = "<group>";
		};
		3836C2812C2575800030D13A /* AddMeal */ = {
			isa = PBXGroup;
			children = (
				3836C27F2C2575680030D13A /* AddMealSheetView.swift */,
			);
			path = AddMeal;
			sourceTree = "<group>";
		};
		3836C2872C2576050030D13A /* ImagePicker */ = {
			isa = PBXGroup;
			children = (
				3836C2852C2575E50030D13A /* ImagePicker.swift */,
			);
			path = ImagePicker;
			sourceTree = "<group>";
		};
		3836C2882C2576260030D13A /* Cards */ = {
			isa = PBXGroup;
			children = (
				3836C2892C25763A0030D13A /* MealCardView.swift */,
			);
			path = Cards;
			sourceTree = "<group>";
		};
		3836C28B2C2586890030D13A /* ViewModel */ = {
			isa = PBXGroup;
			children = (
				38630DEE2C1AD9BA002671BD /* MedicationAdministrationViewModel.swift */,
			);
			path = ViewModel;
			sourceTree = "<group>";
		};
		3836C28C2C2586940030D13A /* Enum */ = {
			isa = PBXGroup;
			children = (
				3836C28D2C2586A70030D13A /* Weekday.swift */,
				388C1D422C30172F00191A7C /* PredefinedMedicationTime.swift */,
			);
			path = Enum;
			sourceTree = "<group>";
		};
		3836C28F2C2588600030D13A /* MedicationAdministrationView */ = {
			isa = PBXGroup;
			children = (
				3886F3552C1800F6004C3203 /* MedicationAdiminstrationView.swift */,
				3836C28C2C2586940030D13A /* Enum */,
			);
			path = MedicationAdministrationView;
			sourceTree = "<group>";
		};
		3836C2902C25C2640030D13A /* Extension */ = {
			isa = PBXGroup;
			children = (
				3836C2912C25C3660030D13A /* Date.swift */,
			);
			path = Extension;
			sourceTree = "<group>";
		};
		3855EF912C16F9440037B169 /* Home */ = {
			isa = PBXGroup;
			children = (
				3855EF9C2C1703F10037B169 /* Extension */,
				3855EF932C16F9530037B169 /* Enums */,
				3855EF922C16F94C0037B169 /* ViewModel */,
			);
			path = Home;
			sourceTree = "<group>";
		};
		3855EF922C16F94C0037B169 /* ViewModel */ = {
			isa = PBXGroup;
			children = (
				3855EF942C16F9650037B169 /* HomeViewModel.swift */,
			);
			path = ViewModel;
			sourceTree = "<group>";
		};
		3855EF932C16F9530037B169 /* Enums */ = {
			isa = PBXGroup;
			children = (
				3855EF962C16FD1A0037B169 /* TimePeriod.swift */,
			);
			path = Enums;
			sourceTree = "<group>";
		};
		3855EF9C2C1703F10037B169 /* Extension */ = {
			isa = PBXGroup;
			children = (
				3855EF9D2C1704000037B169 /* Calendar.swift */,
			);
			path = Extension;
			sourceTree = "<group>";
		};
		38630DEC2C1AD98F002671BD /* Administration */ = {
			isa = PBXGroup;
			children = (
				388FF34E2C1C24AF0048AB7B /* DrinksAdministration */,
				388FF34D2C1C24A60048AB7B /* MealAdiminstration */,
				38630DED2C1AD9A2002671BD /* MedicationAdministration */,
			);
			path = Administration;
			sourceTree = "<group>";
		};
		38630DED2C1AD9A2002671BD /* MedicationAdministration */ = {
			isa = PBXGroup;
			children = (
				388827172C2D1E6E009D2FC3 /* Enum */,
				3836C28B2C2586890030D13A /* ViewModel */,
			);
			path = MedicationAdministration;
			sourceTree = "<group>";
		};
		38630DF22C1ADC66002671BD /* Buttons */ = {
			isa = PBXGroup;
			children = (
				3886F3602C18815B004C3203 /* CostumBackButton.swift */,
				38630DF02C1ADA1C002671BD /* CostumAddButton.swift */,
			);
			path = Buttons;
			sourceTree = "<group>";
		};
		38630DF32C1ADC79002671BD /* Buttons */ = {
			isa = PBXGroup;
			children = (
				38A59EF22C427902003B6E49 /* SettingsViewNavigation */,
				38A59EF12C4278F0003B6E49 /* EmergencyCallIntent */,
				38A59EF02C4278D4003B6E49 /* AdministrationViewNavigation */,
			);
			path = Buttons;
			sourceTree = "<group>";
		};
		38630DF42C1ADCDF002671BD /* User */ = {
			isa = PBXGroup;
			children = (
				38C0DA822C3ABA0B0016F846 /* Model */,
			);
			path = User;
			sourceTree = "<group>";
		};
		38630DF52C1ADCE7002671BD /* Medication */ = {
			isa = PBXGroup;
			children = (
				38A88A0C2C2138F60063ACEA /* Enum */,
				38A88A0B2C2138E90063ACEA /* Model */,
			);
			path = Medication;
			sourceTree = "<group>";
		};
		38630DF82C1ADD4F002671BD /* Cards */ = {
			isa = PBXGroup;
			children = (
				38630DF92C1ADD61002671BD /* MedicationCardView.swift */,
			);
			path = Cards;
			sourceTree = "<group>";
		};
		38630DFB2C1B1588002671BD /* Buttons */ = {
			isa = PBXGroup;
			children = (
				386DBDE42C12E29700FE3A41 /* AuthButton.swift */,
				386DBDE62C12E2A100FE3A41 /* AuthModeSwitchButton.swift */,
			);
			path = Buttons;
			sourceTree = "<group>";
		};
		38630DFC2C1B15A4002671BD /* View */ = {
			isa = PBXGroup;
			children = (
				3855EFA12C1736600037B169 /* PasswordField.swift */,
			);
			path = View;
			sourceTree = "<group>";
		};
		38630DFD2C1B2178002671BD /* Sheets */ = {
			isa = PBXGroup;
			children = (
				38D2BBAA2C22A217002E62E2 /* Enum */,
				38630E012C1B27BC002671BD /* EditMedication */,
				38630E002C1B27B2002671BD /* AddMedication */,
			);
			path = Sheets;
			sourceTree = "<group>";
		};
		38630E002C1B27B2002671BD /* AddMedication */ = {
			isa = PBXGroup;
			children = (
				38630DFE2C1B218E002671BD /* AddMedicationSheetView.swift */,
			);
			path = AddMedication;
			sourceTree = "<group>";
		};
		38630E012C1B27BC002671BD /* EditMedication */ = {
			isa = PBXGroup;
			children = (
				38630E022C1B27D8002671BD /* EditMedicationSheetView.swift */,
			);
			path = EditMedication;
			sourceTree = "<group>";
		};
		386B324F2C19D10A0068F0CA /* General Components */ = {
			isa = PBXGroup;
			children = (
				3836C2902C25C2640030D13A /* Extension */,
				38630DF22C1ADC66002671BD /* Buttons */,
			);
			path = "General Components";
			sourceTree = "<group>";
		};
		386DBD8B2C12B88B00FE3A41 = {
			isa = PBXGroup;
			children = (
				386DBDA52C12B93200FE3A41 /* GoogleService-Info.plist */,
				386DBD962C12B88B00FE3A41 /* MediGuard */,
				386DBD952C12B88B00FE3A41 /* Products */,
			);
			sourceTree = "<group>";
		};
		386DBD952C12B88B00FE3A41 /* Products */ = {
			isa = PBXGroup;
			children = (
				386DBD942C12B88B00FE3A41 /* MediGuard.app */,
			);
			name = Products;
			sourceTree = "<group>";
		};
		386DBD962C12B88B00FE3A41 /* MediGuard */ = {
			isa = PBXGroup;
			children = (
				38A88A572C216F9D0063ACEA /* Info.plist */,
				386DBDC82C12BC3300FE3A41 /* Managers */,
				386DBDC72C12BBCC00FE3A41 /* Models */,
				386DBDC62C12BBC300FE3A41 /* Views */,
				386DBDC52C12BBB800FE3A41 /* Repositories */,
				386DBDC42C12BBAA00FE3A41 /* ViewModels */,
				386DBD972C12B88B00FE3A41 /* MediGuardApp.swift */,
				386DBD9B2C12B88C00FE3A41 /* Assets.xcassets */,
				386DBD9D2C12B88C00FE3A41 /* Preview Content */,
			);
			path = MediGuard;
			sourceTree = "<group>";
		};
		386DBD9D2C12B88C00FE3A41 /* Preview Content */ = {
			isa = PBXGroup;
			children = (
				386DBD9E2C12B88C00FE3A41 /* Preview Assets.xcassets */,
			);
			path = "Preview Content";
			sourceTree = "<group>";
		};
		386DBDC42C12BBAA00FE3A41 /* ViewModels */ = {
			isa = PBXGroup;
			children = (
				38A8A29A2C14458F00950F82 /* User */,
				38630DEC2C1AD98F002671BD /* Administration */,
				3886F35B2C184251004C3203 /* Settings */,
				3855EF912C16F9440037B169 /* Home */,
			);
			path = ViewModels;
			sourceTree = "<group>";
		};
		386DBDC52C12BBB800FE3A41 /* Repositories */ = {
			isa = PBXGroup;
			children = (
			);
			path = Repositories;
			sourceTree = "<group>";
		};
		386DBDC62C12BBC300FE3A41 /* Views */ = {
			isa = PBXGroup;
			children = (
				386DBDD22C12DF3B00FE3A41 /* Home */,
				386B324F2C19D10A0068F0CA /* General Components */,
				386DBDEA2C12F0F300FE3A41 /* Fonts */,
				386DBDD52C12DF8300FE3A41 /* Administration */,
				386DBDD12C12DF3000FE3A41 /* Authentication */,
			);
			path = Views;
			sourceTree = "<group>";
		};
		386DBDC72C12BBCC00FE3A41 /* Models */ = {
			isa = PBXGroup;
			children = (
				38E8A7AB2C32A52A005BB28A /* Drink */,
				3836C27B2C2574D50030D13A /* Meal */,
				38630DF52C1ADCE7002671BD /* Medication */,
				38630DF42C1ADCDF002671BD /* User */,
			);
			path = Models;
			sourceTree = "<group>";
		};
		386DBDC82C12BC3300FE3A41 /* Managers */ = {
			isa = PBXGroup;
			children = (
				386DBDCB2C12C28100FE3A41 /* FirebaseManager.swift */,
			);
			path = Managers;
			sourceTree = "<group>";
		};
		386DBDD12C12DF3000FE3A41 /* Authentication */ = {
			isa = PBXGroup;
			children = (
				386DBDD82C12DFA200FE3A41 /* View */,
				386DBDD72C12DF9300FE3A41 /* Components */,
				386DBDD62C12DF8C00FE3A41 /* Enum */,
			);
			path = Authentication;
			sourceTree = "<group>";
		};
		386DBDD22C12DF3B00FE3A41 /* Home */ = {
			isa = PBXGroup;
			children = (
				386DBDD42C12DF5100FE3A41 /* Settings */,
				386DBDDB2C12DFBC00FE3A41 /* Extensions */,
				386DBDDA2C12DFB300FE3A41 /* Components */,
				386DBDD92C12DFAE00FE3A41 /* View */,
			);
			path = Home;
			sourceTree = "<group>";
		};
		386DBDD42C12DF5100FE3A41 /* Settings */ = {
			isa = PBXGroup;
			children = (
				386DBDE12C12DFEC00FE3A41 /* Enum */,
				386DBDE02C12DFE400FE3A41 /* Components */,
				386DBDDF2C12DFDF00FE3A41 /* View */,
			);
			path = Settings;
			sourceTree = "<group>";
		};
		386DBDD52C12DF8300FE3A41 /* Administration */ = {
			isa = PBXGroup;
			children = (
				3886F3632C1889FF004C3203 /* DrinksAdministration */,
				3886F3622C1889C4004C3203 /* MealAdministration */,
				3886F3542C1800C9004C3203 /* MedicationAdministration */,
			);
			path = Administration;
			sourceTree = "<group>";
		};
		386DBDD62C12DF8C00FE3A41 /* Enum */ = {
			isa = PBXGroup;
			children = (
				386DBDE82C12E2D300FE3A41 /* AuthenticationMode.swift */,
			);
			path = Enum;
			sourceTree = "<group>";
		};
		386DBDD72C12DF9300FE3A41 /* Components */ = {
			isa = PBXGroup;
			children = (
				38630DFC2C1B15A4002671BD /* View */,
				38630DFB2C1B1588002671BD /* Buttons */,
			);
			path = Components;
			sourceTree = "<group>";
		};
		386DBDD82C12DFA200FE3A41 /* View */ = {
			isa = PBXGroup;
			children = (
				386DBDE22C12E27800FE3A41 /* AuthenticationView.swift */,
			);
			path = View;
			sourceTree = "<group>";
		};
		386DBDD92C12DFAE00FE3A41 /* View */ = {
			isa = PBXGroup;
			children = (
				386DBDED2C130BCF00FE3A41 /* HomeView.swift */,
			);
			path = View;
			sourceTree = "<group>";
		};
		386DBDDA2C12DFB300FE3A41 /* Components */ = {
			isa = PBXGroup;
			children = (
				38630DF32C1ADC79002671BD /* Buttons */,
			);
			path = Components;
			sourceTree = "<group>";
		};
		386DBDDB2C12DFBC00FE3A41 /* Extensions */ = {
			isa = PBXGroup;
			children = (
				38A59EF32C427BDD003B6E49 /* HugeTitleModifier.swift */,
			);
			path = Extensions;
			sourceTree = "<group>";
		};
		386DBDDC2C12DFC600FE3A41 /* Enums */ = {
			isa = PBXGroup;
			children = (
			);
			path = Enums;
			sourceTree = "<group>";
		};
		386DBDDD2C12DFCD00FE3A41 /* Components */ = {
			isa = PBXGroup;
			children = (
				38630DF82C1ADD4F002671BD /* Cards */,
			);
			path = Components;
			sourceTree = "<group>";
		};
		386DBDDE2C12DFD300FE3A41 /* View */ = {
			isa = PBXGroup;
			children = (
				3836C28F2C2588600030D13A /* MedicationAdministrationView */,
				38630DFD2C1B2178002671BD /* Sheets */,
			);
			path = View;
			sourceTree = "<group>";
		};
		386DBDDF2C12DFDF00FE3A41 /* View */ = {
			isa = PBXGroup;
			children = (
				3886F3592C18350A004C3203 /* SettingsView.swift */,
			);
			path = View;
			sourceTree = "<group>";
		};
		386DBDE02C12DFE400FE3A41 /* Components */ = {
			isa = PBXGroup;
			children = (
				38A59EF72C427CFC003B6E49 /* Buttons */,
			);
			path = Components;
			sourceTree = "<group>";
		};
		386DBDE12C12DFEC00FE3A41 /* Enum */ = {
			isa = PBXGroup;
			children = (
			);
			path = Enum;
			sourceTree = "<group>";
		};
		386DBDEA2C12F0F300FE3A41 /* Fonts */ = {
			isa = PBXGroup;
			children = (
				38A88A592C21707B0063ACEA /* Font-Struct */,
				38A88A582C21704E0063ACEA /* TTF-Files */,
			);
			path = Fonts;
			sourceTree = "<group>";
		};
		3886F3542C1800C9004C3203 /* MedicationAdministration */ = {
			isa = PBXGroup;
			children = (
				386DBDDE2C12DFD300FE3A41 /* View */,
				386DBDDD2C12DFCD00FE3A41 /* Components */,
				386DBDDC2C12DFC600FE3A41 /* Enums */,
			);
			path = MedicationAdministration;
			sourceTree = "<group>";
		};
		3886F35B2C184251004C3203 /* Settings */ = {
			isa = PBXGroup;
			children = (
				3886F35D2C18425F004C3203 /* Enums */,
				3886F35C2C184258004C3203 /* ViewModel */,
			);
			path = Settings;
			sourceTree = "<group>";
		};
		3886F35C2C184258004C3203 /* ViewModel */ = {
			isa = PBXGroup;
			children = (
				3886F35E2C184271004C3203 /* SettingsViewModel.swift */,
			);
			path = ViewModel;
			sourceTree = "<group>";
		};
		3886F35D2C18425F004C3203 /* Enums */ = {
			isa = PBXGroup;
			children = (
			);
			path = Enums;
			sourceTree = "<group>";
		};
		3886F3622C1889C4004C3203 /* MealAdministration */ = {
			isa = PBXGroup;
			children = (
				3886F3692C188A87004C3203 /* View */,
				3886F3682C188A7A004C3203 /* Components */,
				3886F3672C188A66004C3203 /* Enums */,
			);
			path = MealAdministration;
			sourceTree = "<group>";
		};
		3886F3632C1889FF004C3203 /* DrinksAdministration */ = {
			isa = PBXGroup;
			children = (
				3886F3642C188A1A004C3203 /* View */,
				3886F3652C188A22004C3203 /* Components */,
				3886F3662C188A30004C3203 /* Enums */,
			);
			path = DrinksAdministration;
			sourceTree = "<group>";
		};
		3886F3642C188A1A004C3203 /* View */ = {
			isa = PBXGroup;
			children = (
				38D0E7C52C3EBB2A00EE2A0A /* DetailView */,
				381034592C3BD508003865AC /* MainView */,
				388FF3502C1C24CC0048AB7B /* Sheets */,
			);
			path = View;
			sourceTree = "<group>";
		};
		3886F3652C188A22004C3203 /* Components */ = {
			isa = PBXGroup;
			children = (
				3810347B2C3BE2F5003865AC /* Helper */,
				3810345D2C3BD776003865AC /* View-Components */,
				3810345A2C3BD6AD003865AC /* Buttons */,
			);
			path = Components;
			sourceTree = "<group>";
		};
		3886F3662C188A30004C3203 /* Enums */ = {
			isa = PBXGroup;
			children = (
				38D0E7C22C3E978500EE2A0A /* IntakeTypeColor */,
				381034782C3BE102003865AC /* UserDefault */,
			);
			path = Enums;
			sourceTree = "<group>";
		};
		3886F3672C188A66004C3203 /* Enums */ = {
			isa = PBXGroup;
			children = (
			);
			path = Enums;
			sourceTree = "<group>";
		};
		3886F3682C188A7A004C3203 /* Components */ = {
			isa = PBXGroup;
			children = (
				389DD9242C2BC46D00E10AA6 /* Buttons */,
				3836C2882C2576260030D13A /* Cards */,
				3836C2872C2576050030D13A /* ImagePicker */,
			);
			path = Components;
			sourceTree = "<group>";
		};
		3886F3692C188A87004C3203 /* View */ = {
			isa = PBXGroup;
			children = (
				38D6E3B02C3806A600589F72 /* DetailView */,
				38D6E3AF2C38068800589F72 /* MainView */,
				388FF34F2C1C24C20048AB7B /* Sheets */,
			);
			path = View;
			sourceTree = "<group>";
		};
		388827172C2D1E6E009D2FC3 /* Enum */ = {
			isa = PBXGroup;
			children = (
				388827182C2D1E81009D2FC3 /* ValidationError.swift */,
			);
			path = Enum;
			sourceTree = "<group>";
		};
		388FF34D2C1C24A60048AB7B /* MealAdiminstration */ = {
			isa = PBXGroup;
			children = (
				38D6E3AC2C38064400589F72 /* MealAdiminstrationPastWeek */,
				38D6E3AB2C38060D00589F72 /* MealAdiminstrationCurrentWeek */,
			);
			path = MealAdiminstration;
			sourceTree = "<group>";
		};
		388FF34E2C1C24AF0048AB7B /* DrinksAdministration */ = {
			isa = PBXGroup;
			children = (
				38D0E7C92C3EBBA300EE2A0A /* DrinksAdministrationWeekDocumentation */,
				38D0E7C82C3EBB7600EE2A0A /* DrinksAdministrationCurrentDay */,
			);
			path = DrinksAdministration;
			sourceTree = "<group>";
		};
		388FF34F2C1C24C20048AB7B /* Sheets */ = {
			isa = PBXGroup;
			children = (
				3836C2812C2575800030D13A /* AddMeal */,
			);
			path = Sheets;
			sourceTree = "<group>";
		};
		388FF3502C1C24CC0048AB7B /* Sheets */ = {
			isa = PBXGroup;
			children = (
				3810346E2C3BDBC9003865AC /* Settings */,
				381034642C3BD8F1003865AC /* InfoView */,
				388FF3522C1C25470048AB7B /* AddDrinks */,
				388FF3512C1C25360048AB7B /* EditDrinks */,
			);
			path = Sheets;
			sourceTree = "<group>";
		};
		388FF3512C1C25360048AB7B /* EditDrinks */ = {
			isa = PBXGroup;
			children = (
			);
			path = EditDrinks;
			sourceTree = "<group>";
		};
		388FF3522C1C25470048AB7B /* AddDrinks */ = {
			isa = PBXGroup;
			children = (
				3810346C2C3BDB1D003865AC /* AddIntakeView.swift */,
			);
			path = AddDrinks;
			sourceTree = "<group>";
		};
		389DD9242C2BC46D00E10AA6 /* Buttons */ = {
			isa = PBXGroup;
			children = (
				38A59EEE2C42619A003B6E49 /* MealDocumentationButton.swift */,
			);
			path = Buttons;
			sourceTree = "<group>";
		};
		38A59EF02C4278D4003B6E49 /* AdministrationViewNavigation */ = {
			isa = PBXGroup;
			children = (
				3855EF982C16FEF40037B169 /* AdministrationViewButton.swift */,
			);
			path = AdministrationViewNavigation;
			sourceTree = "<group>";
		};
		38A59EF12C4278F0003B6E49 /* EmergencyCallIntent */ = {
			isa = PBXGroup;
			children = (
				3855EF9A2C16FF2A0037B169 /* EmergencyCallButton.swift */,
			);
			path = EmergencyCallIntent;
			sourceTree = "<group>";
		};
		38A59EF22C427902003B6E49 /* SettingsViewNavigation */ = {
			isa = PBXGroup;
			children = (
				3886F3572C18026F004C3203 /* SettingsButton.swift */,
			);
			path = SettingsViewNavigation;
			sourceTree = "<group>";
		};
		38A59EF52C427CCE003B6E49 /* Logout */ = {
			isa = PBXGroup;
			children = (
				386D8E512C1EC55400FA151C /* LogoutButton.swift */,
			);
			path = Logout;
			sourceTree = "<group>";
		};
		38A59EF62C427CE3003B6E49 /* SaveEmergencyContact */ = {
			isa = PBXGroup;
			children = (
				386D8E532C1EC5DB00FA151C /* SaveEmergencyContactButton.swift */,
			);
			path = SaveEmergencyContact;
			sourceTree = "<group>";
		};
		38A59EF72C427CFC003B6E49 /* Buttons */ = {
			isa = PBXGroup;
			children = (
				38A59EF52C427CCE003B6E49 /* Logout */,
				38A59EF62C427CE3003B6E49 /* SaveEmergencyContact */,
			);
			path = Buttons;
			sourceTree = "<group>";
		};
		38A88A0B2C2138E90063ACEA /* Model */ = {
			isa = PBXGroup;
			children = (
				38630DF62C1ADD03002671BD /* Medication.swift */,
			);
			path = Model;
			sourceTree = "<group>";
		};
		38A88A0C2C2138F60063ACEA /* Enum */ = {
			isa = PBXGroup;
			children = (
				38A88A0D2C21390B0063ACEA /* MedicationColor.swift */,
			);
			path = Enum;
			sourceTree = "<group>";
		};
		38A88A582C21704E0063ACEA /* TTF-Files */ = {
			isa = PBXGroup;
			children = (
				38A892292C412E5E00FE89CE /* Ubuntu-Bold.ttf */,
				38A8922A2C412E5E00FE89CE /* Ubuntu-BoldItalic.ttf */,
				38A892242C412E5E00FE89CE /* Ubuntu-Italic.ttf */,
				38A892252C412E5E00FE89CE /* Ubuntu-Light.ttf */,
				38A892232C412E5E00FE89CE /* Ubuntu-LightItalic.ttf */,
				38A892262C412E5E00FE89CE /* Ubuntu-Medium.ttf */,
				38A892272C412E5E00FE89CE /* Ubuntu-MediumItalic.ttf */,
				38A892282C412E5E00FE89CE /* Ubuntu-Regular.ttf */,
			);
			path = "TTF-Files";
			sourceTree = "<group>";
		};
		38A88A592C21707B0063ACEA /* Font-Struct */ = {
			isa = PBXGroup;
			children = (
				38A88A5A2C21708A0063ACEA /* Fonts.swift */,
			);
			path = "Font-Struct";
			sourceTree = "<group>";
		};
		38A8A29A2C14458F00950F82 /* User */ = {
			isa = PBXGroup;
			children = (
				38A8A29C2C1445B600950F82 /* Enums */,
				38A8A29B2C1445A700950F82 /* ViewModel */,
			);
			path = User;
			sourceTree = "<group>";
		};
		38A8A29B2C1445A700950F82 /* ViewModel */ = {
			isa = PBXGroup;
			children = (
				386DBDCF2C12DABF00FE3A41 /* UserViewModel.swift */,
			);
			path = ViewModel;
			sourceTree = "<group>";
		};
		38A8A29C2C1445B600950F82 /* Enums */ = {
			isa = PBXGroup;
			children = (
				38A8A29D2C1445CD00950F82 /* AuthenticationError.swift */,
			);
			path = Enums;
			sourceTree = "<group>";
		};
		38C0DA7C2C3A8D370016F846 /* Administration */ = {
			isa = PBXGroup;
			children = (
				3836C27D2C2574E70030D13A /* Meal.swift */,
			);
			path = Administration;
			sourceTree = "<group>";
		};
		38C0DA7D2C3A8D480016F846 /* Documentation */ = {
			isa = PBXGroup;
			children = (
				38D6E3A92C38029600589F72 /* PastWeek.swift */,
			);
			path = Documentation;
			sourceTree = "<group>";
		};
		38C0DA7E2C3AADB40016F846 /* MealAdministration */ = {
			isa = PBXGroup;
			children = (
				3886F36A2C188AF0004C3203 /* MealAdministrationView.swift */,
			);
			path = MealAdministration;
			sourceTree = "<group>";
		};
		38C0DA7F2C3AADC00016F846 /* Enum */ = {
			isa = PBXGroup;
			children = (
			);
			path = Enum;
			sourceTree = "<group>";
		};
		38C0DA822C3ABA0B0016F846 /* Model */ = {
			isa = PBXGroup;
			children = (
				386DBDCD2C12D88B00FE3A41 /* FireUser.swift */,
			);
			path = Model;
			sourceTree = "<group>";
		};
		38D0E7C22C3E978500EE2A0A /* IntakeTypeColor */ = {
			isa = PBXGroup;
			children = (
				38D0E7C32C3E97B100EE2A0A /* IntakeTypeColor.swift */,
			);
			path = IntakeTypeColor;
			sourceTree = "<group>";
		};
		38D0E7C52C3EBB2A00EE2A0A /* DetailView */ = {
			isa = PBXGroup;
			children = (
				38D0E7C62C3EBB3D00EE2A0A /* DrinksDocumentationView.swift */,
			);
			path = DetailView;
			sourceTree = "<group>";
		};
		38D0E7C82C3EBB7600EE2A0A /* DrinksAdministrationCurrentDay */ = {
			isa = PBXGroup;
			children = (
				38E8A7B02C32A643005BB28A /* DrinksAdministrationViewModel.swift */,
			);
			path = DrinksAdministrationCurrentDay;
			sourceTree = "<group>";
		};
		38D0E7C92C3EBBA300EE2A0A /* DrinksAdministrationWeekDocumentation */ = {
			isa = PBXGroup;
			children = (
				38D0E7CA2C3EBBD300EE2A0A /* DrinksDocumentationViewModel.swift */,
			);
			path = DrinksAdministrationWeekDocumentation;
			sourceTree = "<group>";
		};
		38D0E7CC2C3EBC9300EE2A0A /* Administration */ = {
			isa = PBXGroup;
			children = (
				38E8A7AD2C32A545005BB28A /* Intake.swift */,
			);
			path = Administration;
			sourceTree = "<group>";
		};
		38D0E7CD2C3EBCAE00EE2A0A /* Documentation */ = {
			isa = PBXGroup;
			children = (
				38D0E7D02C3EBCD000EE2A0A /* Week.swift */,
			);
			path = Documentation;
			sourceTree = "<group>";
		};
		38D2BBAA2C22A217002E62E2 /* Enum */ = {
			isa = PBXGroup;
			children = (
				38D2BBAB2C22A223002E62E2 /* DosageUnit.swift */,
			);
			path = Enum;
			sourceTree = "<group>";
		};
		38D6E3AB2C38060D00589F72 /* MealAdiminstrationCurrentWeek */ = {
			isa = PBXGroup;
			children = (
				3836C2782C2574B40030D13A /* MealAdministrationViewModel.swift */,
			);
			path = MealAdiminstrationCurrentWeek;
			sourceTree = "<group>";
		};
		38D6E3AC2C38064400589F72 /* MealAdiminstrationPastWeek */ = {
			isa = PBXGroup;
			children = (
				38D6E3AD2C38066F00589F72 /* MealDocumentationViewModel.swift */,
			);
			path = MealAdiminstrationPastWeek;
			sourceTree = "<group>";
		};
		38D6E3AF2C38068800589F72 /* MainView */ = {
			isa = PBXGroup;
			children = (
				38C0DA7F2C3AADC00016F846 /* Enum */,
				38C0DA7E2C3AADB40016F846 /* MealAdministration */,
			);
			path = MainView;
			sourceTree = "<group>";
		};
		38D6E3B02C3806A600589F72 /* DetailView */ = {
			isa = PBXGroup;
			children = (
				38D6E3B32C3806F300589F72 /* MealDocumentationView.swift */,
			);
			path = DetailView;
			sourceTree = "<group>";
		};
		38E8A7AB2C32A52A005BB28A /* Drink */ = {
			isa = PBXGroup;
			children = (
				38E8A7AC2C32A52F005BB28A /* Models */,
			);
			path = Drink;
			sourceTree = "<group>";
		};
		38E8A7AC2C32A52F005BB28A /* Models */ = {
			isa = PBXGroup;
			children = (
				38D0E7CD2C3EBCAE00EE2A0A /* Documentation */,
				38D0E7CC2C3EBC9300EE2A0A /* Administration */,
			);
			path = Models;
			sourceTree = "<group>";
		};
/* End PBXGroup section */

/* Begin PBXNativeTarget section */
		386DBD932C12B88B00FE3A41 /* MediGuard */ = {
			isa = PBXNativeTarget;
			buildConfigurationList = 386DBDA22C12B88C00FE3A41 /* Build configuration list for PBXNativeTarget "MediGuard" */;
			buildPhases = (
				386DBD902C12B88B00FE3A41 /* Sources */,
				386DBD912C12B88B00FE3A41 /* Frameworks */,
				386DBD922C12B88B00FE3A41 /* Resources */,
			);
			buildRules = (
			);
			dependencies = (
			);
			name = MediGuard;
			packageProductDependencies = (
				38A4AA4E2C15AFB3004FE7FA /* FirebaseAnalytics */,
				38A4AA502C15AFB3004FE7FA /* FirebaseAnalyticsOnDeviceConversion */,
				38A4AA522C15AFB3004FE7FA /* FirebaseAnalyticsSwift */,
				38A4AA542C15AFB3004FE7FA /* FirebaseAnalyticsWithoutAdIdSupport */,
				38A4AA562C15AFB3004FE7FA /* FirebaseAppCheck */,
				38A4AA582C15AFB3004FE7FA /* FirebaseAppDistribution-Beta */,
				38A4AA5A2C15AFB3004FE7FA /* FirebaseAuth */,
				38A4AA5C2C15AFB3004FE7FA /* FirebaseAuthCombine-Community */,
				38A4AA5E2C15AFB3004FE7FA /* FirebaseCrashlytics */,
				38A4AA602C15AFB3004FE7FA /* FirebaseDatabase */,
				38A4AA622C15AFB3004FE7FA /* FirebaseDatabaseSwift */,
				38A4AA642C15AFB3004FE7FA /* FirebaseDynamicLinks */,
				38A4AA662C15AFB3004FE7FA /* FirebaseFirestore */,
				38A4AA682C15AFB3004FE7FA /* FirebaseFirestoreCombine-Community */,
				38A4AA6A2C15AFB3004FE7FA /* FirebaseFirestoreSwift */,
				38A4AA6C2C15AFB3004FE7FA /* FirebaseFunctions */,
				38A4AA6E2C15AFB3004FE7FA /* FirebaseFunctionsCombine-Community */,
				38A4AA702C15AFB3004FE7FA /* FirebaseInstallations */,
				38A4AA722C15AFB3004FE7FA /* FirebasePerformance */,
				38A4AA742C15AFB3004FE7FA /* FirebaseRemoteConfig */,
				38A4AA762C15AFB3004FE7FA /* FirebaseRemoteConfigSwift */,
				38A4AA782C15AFB3004FE7FA /* FirebaseStorage */,
				38A4AA7A2C15AFB3004FE7FA /* FirebaseStorageCombine-Community */,
			);
			productName = MediGuard;
			productReference = 386DBD942C12B88B00FE3A41 /* MediGuard.app */;
			productType = "com.apple.product-type.application";
		};
/* End PBXNativeTarget section */

/* Begin PBXProject section */
		386DBD8C2C12B88B00FE3A41 /* Project object */ = {
			isa = PBXProject;
			attributes = {
				BuildIndependentTargetsInParallel = 1;
				LastSwiftUpdateCheck = 1540;
				LastUpgradeCheck = 1540;
				TargetAttributes = {
					386DBD932C12B88B00FE3A41 = {
						CreatedOnToolsVersion = 15.4;
					};
				};
			};
			buildConfigurationList = 386DBD8F2C12B88B00FE3A41 /* Build configuration list for PBXProject "MediGuard" */;
			compatibilityVersion = "Xcode 14.0";
			developmentRegion = en;
			hasScannedForEncodings = 0;
			knownRegions = (
				en,
				Base,
			);
			mainGroup = 386DBD8B2C12B88B00FE3A41;
			packageReferences = (
				386DBDA72C12BA8900FE3A41 /* XCRemoteSwiftPackageReference "firebase-ios-sdk" */,
			);
			productRefGroup = 386DBD952C12B88B00FE3A41 /* Products */;
			projectDirPath = "";
			projectRoot = "";
			targets = (
				386DBD932C12B88B00FE3A41 /* MediGuard */,
			);
		};
/* End PBXProject section */

/* Begin PBXResourcesBuildPhase section */
		386DBD922C12B88B00FE3A41 /* Resources */ = {
			isa = PBXResourcesBuildPhase;
			buildActionMask = 2147483647;
			files = (
				38A892312C412E5E00FE89CE /* Ubuntu-Bold.ttf in Resources */,
				38A8922B2C412E5E00FE89CE /* Ubuntu-LightItalic.ttf in Resources */,
				386DBD9F2C12B88C00FE3A41 /* Preview Assets.xcassets in Resources */,
				38A8922F2C412E5E00FE89CE /* Ubuntu-MediumItalic.ttf in Resources */,
				38A8922E2C412E5E00FE89CE /* Ubuntu-Medium.ttf in Resources */,
				386DBDA62C12B93200FE3A41 /* GoogleService-Info.plist in Resources */,
				38A8922C2C412E5E00FE89CE /* Ubuntu-Italic.ttf in Resources */,
				38A892322C412E5E00FE89CE /* Ubuntu-BoldItalic.ttf in Resources */,
				38A892302C412E5E00FE89CE /* Ubuntu-Regular.ttf in Resources */,
				38A8922D2C412E5E00FE89CE /* Ubuntu-Light.ttf in Resources */,
				386DBD9C2C12B88C00FE3A41 /* Assets.xcassets in Resources */,
			);
			runOnlyForDeploymentPostprocessing = 0;
		};
/* End PBXResourcesBuildPhase section */

/* Begin PBXSourcesBuildPhase section */
		386DBD902C12B88B00FE3A41 /* Sources */ = {
			isa = PBXSourcesBuildPhase;
			buildActionMask = 2147483647;
			files = (
				3810345F2C3BD788003865AC /* Progressbar.swift in Sources */,
				3810347A2C3BE116003865AC /* UserDefaultKeys.swift in Sources */,
				3836C2862C2575E50030D13A /* ImagePicker.swift in Sources */,
				386DBDCC2C12C28100FE3A41 /* FirebaseManager.swift in Sources */,
				386DBDE32C12E27800FE3A41 /* AuthenticationView.swift in Sources */,
				38630DEF2C1AD9BA002671BD /* MedicationAdministrationViewModel.swift in Sources */,
				3836C2802C2575680030D13A /* AddMealSheetView.swift in Sources */,
				3855EF9E2C1704000037B169 /* Calendar.swift in Sources */,
				3836C27E2C2574E70030D13A /* Meal.swift in Sources */,
				386DBDEE2C130BCF00FE3A41 /* HomeView.swift in Sources */,
				386D8E522C1EC55400FA151C /* LogoutButton.swift in Sources */,
				38A59EEF2C42619A003B6E49 /* MealDocumentationButton.swift in Sources */,
				38630E032C1B27D8002671BD /* EditMedicationSheetView.swift in Sources */,
				3886F35A2C18350A004C3203 /* SettingsView.swift in Sources */,
				381034612C3BD7ED003865AC /* EmptyIntakesView.swift in Sources */,
				38630DFF2C1B218E002671BD /* AddMedicationSheetView.swift in Sources */,
				381034702C3BDBF2003865AC /* DrinksAdministrationSettingsView.swift in Sources */,
				38A59EF42C427BDD003B6E49 /* HugeTitleModifier.swift in Sources */,
				386DBDCE2C12D88B00FE3A41 /* FireUser.swift in Sources */,
				38D2BBAC2C22A223002E62E2 /* DosageUnit.swift in Sources */,
				3855EF992C16FEF40037B169 /* AdministrationViewButton.swift in Sources */,
				38E8A7B12C32A643005BB28A /* DrinksAdministrationViewModel.swift in Sources */,
				3886F36B2C188AF0004C3203 /* MealAdministrationView.swift in Sources */,
				3836C28E2C2586A70030D13A /* Weekday.swift in Sources */,
				38A88A0E2C21390B0063ACEA /* MedicationColor.swift in Sources */,
				38D0E7D12C3EBCD000EE2A0A /* Week.swift in Sources */,
				3836C28A2C25763A0030D13A /* MealCardView.swift in Sources */,
				38D0E7CB2C3EBBD300EE2A0A /* DrinksDocumentationViewModel.swift in Sources */,
				388C1D432C30172F00191A7C /* PredefinedMedicationTime.swift in Sources */,
				381034732C3BDC41003865AC /* IntakeRowView.swift in Sources */,
				386DBDE92C12E2D300FE3A41 /* AuthenticationMode.swift in Sources */,
				3886F36D2C188B01004C3203 /* DrinksAdministrationView.swift in Sources */,
				38D6E3AE2C38066F00589F72 /* MealDocumentationViewModel.swift in Sources */,
				38630DF12C1ADA1C002671BD /* CostumAddButton.swift in Sources */,
				38630DFA2C1ADD61002671BD /* MedicationCardView.swift in Sources */,
				3810346D2C3BDB1D003865AC /* AddIntakeView.swift in Sources */,
				38D6E3B42C3806F300589F72 /* MealDocumentationView.swift in Sources */,
				386DBDE72C12E2A100FE3A41 /* AuthModeSwitchButton.swift in Sources */,
				3855EFA22C1736600037B169 /* PasswordField.swift in Sources */,
				38A88A5B2C21708A0063ACEA /* Fonts.swift in Sources */,
				3855EF952C16F9650037B169 /* HomeViewModel.swift in Sources */,
				386DBDE52C12E29700FE3A41 /* AuthButton.swift in Sources */,
				388827192C2D1E81009D2FC3 /* ValidationError.swift in Sources */,
				38630DF72C1ADD03002671BD /* Medication.swift in Sources */,
				386DBDD02C12DABF00FE3A41 /* UserViewModel.swift in Sources */,
				3855EF972C16FD1A0037B169 /* TimePeriod.swift in Sources */,
				3810345C2C3BD6B9003865AC /* DrinksAdministrationCostumButton.swift in Sources */,
				3810347D2C3BE2FF003865AC /* DateHelper.swift in Sources */,
				3886F3562C1800F6004C3203 /* MedicationAdiminstrationView.swift in Sources */,
				386D8E542C1EC5DB00FA151C /* SaveEmergencyContactButton.swift in Sources */,
				386DBD982C12B88B00FE3A41 /* MediGuardApp.swift in Sources */,
				3855EF9B2C16FF2A0037B169 /* EmergencyCallButton.swift in Sources */,
				38D6E3AA2C38029600589F72 /* PastWeek.swift in Sources */,
				381034662C3BD908003865AC /* InfoView.swift in Sources */,
				38A8A29E2C1445CD00950F82 /* AuthenticationError.swift in Sources */,
				3836C2922C25C3660030D13A /* Date.swift in Sources */,
				3886F3612C18815B004C3203 /* CostumBackButton.swift in Sources */,
				38D0E7C42C3E97B100EE2A0A /* IntakeTypeColor.swift in Sources */,
				3886F3582C18026F004C3203 /* SettingsButton.swift in Sources */,
				38E8A7AE2C32A545005BB28A /* Intake.swift in Sources */,
				38D0E7C72C3EBB3D00EE2A0A /* DrinksDocumentationView.swift in Sources */,
				3836C2792C2574B40030D13A /* MealAdministrationViewModel.swift in Sources */,
				3886F35F2C184271004C3203 /* SettingsViewModel.swift in Sources */,
			);
			runOnlyForDeploymentPostprocessing = 0;
		};
/* End PBXSourcesBuildPhase section */

/* Begin XCBuildConfiguration section */
		386DBDA02C12B88C00FE3A41 /* Debug */ = {
			isa = XCBuildConfiguration;
			buildSettings = {
				ALWAYS_SEARCH_USER_PATHS = NO;
				ASSETCATALOG_COMPILER_GENERATE_SWIFT_ASSET_SYMBOL_EXTENSIONS = YES;
				CLANG_ANALYZER_NONNULL = YES;
				CLANG_ANALYZER_NUMBER_OBJECT_CONVERSION = YES_AGGRESSIVE;
				CLANG_CXX_LANGUAGE_STANDARD = "gnu++20";
				CLANG_ENABLE_MODULES = YES;
				CLANG_ENABLE_OBJC_ARC = YES;
				CLANG_ENABLE_OBJC_WEAK = YES;
				CLANG_WARN_BLOCK_CAPTURE_AUTORELEASING = YES;
				CLANG_WARN_BOOL_CONVERSION = YES;
				CLANG_WARN_COMMA = YES;
				CLANG_WARN_CONSTANT_CONVERSION = YES;
				CLANG_WARN_DEPRECATED_OBJC_IMPLEMENTATIONS = YES;
				CLANG_WARN_DIRECT_OBJC_ISA_USAGE = YES_ERROR;
				CLANG_WARN_DOCUMENTATION_COMMENTS = YES;
				CLANG_WARN_EMPTY_BODY = YES;
				CLANG_WARN_ENUM_CONVERSION = YES;
				CLANG_WARN_INFINITE_RECURSION = YES;
				CLANG_WARN_INT_CONVERSION = YES;
				CLANG_WARN_NON_LITERAL_NULL_CONVERSION = YES;
				CLANG_WARN_OBJC_IMPLICIT_RETAIN_SELF = YES;
				CLANG_WARN_OBJC_LITERAL_CONVERSION = YES;
				CLANG_WARN_OBJC_ROOT_CLASS = YES_ERROR;
				CLANG_WARN_QUOTED_INCLUDE_IN_FRAMEWORK_HEADER = YES;
				CLANG_WARN_RANGE_LOOP_ANALYSIS = YES;
				CLANG_WARN_STRICT_PROTOTYPES = YES;
				CLANG_WARN_SUSPICIOUS_MOVE = YES;
				CLANG_WARN_UNGUARDED_AVAILABILITY = YES_AGGRESSIVE;
				CLANG_WARN_UNREACHABLE_CODE = YES;
				CLANG_WARN__DUPLICATE_METHOD_MATCH = YES;
				COPY_PHASE_STRIP = NO;
				DEBUG_INFORMATION_FORMAT = dwarf;
				ENABLE_STRICT_OBJC_MSGSEND = YES;
				ENABLE_TESTABILITY = YES;
				ENABLE_USER_SCRIPT_SANDBOXING = YES;
				GCC_C_LANGUAGE_STANDARD = gnu17;
				GCC_DYNAMIC_NO_PIC = NO;
				GCC_NO_COMMON_BLOCKS = YES;
				GCC_OPTIMIZATION_LEVEL = 0;
				GCC_PREPROCESSOR_DEFINITIONS = (
					"DEBUG=1",
					"$(inherited)",
				);
				GCC_WARN_64_TO_32_BIT_CONVERSION = YES;
				GCC_WARN_ABOUT_RETURN_TYPE = YES_ERROR;
				GCC_WARN_UNDECLARED_SELECTOR = YES;
				GCC_WARN_UNINITIALIZED_AUTOS = YES_AGGRESSIVE;
				GCC_WARN_UNUSED_FUNCTION = YES;
				GCC_WARN_UNUSED_VARIABLE = YES;
				IPHONEOS_DEPLOYMENT_TARGET = 17.5;
				LOCALIZATION_PREFERS_STRING_CATALOGS = YES;
				MTL_ENABLE_DEBUG_INFO = INCLUDE_SOURCE;
				MTL_FAST_MATH = YES;
				ONLY_ACTIVE_ARCH = YES;
				SDKROOT = iphoneos;
				SWIFT_ACTIVE_COMPILATION_CONDITIONS = "DEBUG $(inherited)";
				SWIFT_OPTIMIZATION_LEVEL = "-Onone";
			};
			name = Debug;
		};
		386DBDA12C12B88C00FE3A41 /* Release */ = {
			isa = XCBuildConfiguration;
			buildSettings = {
				ALWAYS_SEARCH_USER_PATHS = NO;
				ASSETCATALOG_COMPILER_GENERATE_SWIFT_ASSET_SYMBOL_EXTENSIONS = YES;
				CLANG_ANALYZER_NONNULL = YES;
				CLANG_ANALYZER_NUMBER_OBJECT_CONVERSION = YES_AGGRESSIVE;
				CLANG_CXX_LANGUAGE_STANDARD = "gnu++20";
				CLANG_ENABLE_MODULES = YES;
				CLANG_ENABLE_OBJC_ARC = YES;
				CLANG_ENABLE_OBJC_WEAK = YES;
				CLANG_WARN_BLOCK_CAPTURE_AUTORELEASING = YES;
				CLANG_WARN_BOOL_CONVERSION = YES;
				CLANG_WARN_COMMA = YES;
				CLANG_WARN_CONSTANT_CONVERSION = YES;
				CLANG_WARN_DEPRECATED_OBJC_IMPLEMENTATIONS = YES;
				CLANG_WARN_DIRECT_OBJC_ISA_USAGE = YES_ERROR;
				CLANG_WARN_DOCUMENTATION_COMMENTS = YES;
				CLANG_WARN_EMPTY_BODY = YES;
				CLANG_WARN_ENUM_CONVERSION = YES;
				CLANG_WARN_INFINITE_RECURSION = YES;
				CLANG_WARN_INT_CONVERSION = YES;
				CLANG_WARN_NON_LITERAL_NULL_CONVERSION = YES;
				CLANG_WARN_OBJC_IMPLICIT_RETAIN_SELF = YES;
				CLANG_WARN_OBJC_LITERAL_CONVERSION = YES;
				CLANG_WARN_OBJC_ROOT_CLASS = YES_ERROR;
				CLANG_WARN_QUOTED_INCLUDE_IN_FRAMEWORK_HEADER = YES;
				CLANG_WARN_RANGE_LOOP_ANALYSIS = YES;
				CLANG_WARN_STRICT_PROTOTYPES = YES;
				CLANG_WARN_SUSPICIOUS_MOVE = YES;
				CLANG_WARN_UNGUARDED_AVAILABILITY = YES_AGGRESSIVE;
				CLANG_WARN_UNREACHABLE_CODE = YES;
				CLANG_WARN__DUPLICATE_METHOD_MATCH = YES;
				COPY_PHASE_STRIP = NO;
				DEBUG_INFORMATION_FORMAT = "dwarf-with-dsym";
				ENABLE_NS_ASSERTIONS = NO;
				ENABLE_STRICT_OBJC_MSGSEND = YES;
				ENABLE_USER_SCRIPT_SANDBOXING = YES;
				GCC_C_LANGUAGE_STANDARD = gnu17;
				GCC_NO_COMMON_BLOCKS = YES;
				GCC_WARN_64_TO_32_BIT_CONVERSION = YES;
				GCC_WARN_ABOUT_RETURN_TYPE = YES_ERROR;
				GCC_WARN_UNDECLARED_SELECTOR = YES;
				GCC_WARN_UNINITIALIZED_AUTOS = YES_AGGRESSIVE;
				GCC_WARN_UNUSED_FUNCTION = YES;
				GCC_WARN_UNUSED_VARIABLE = YES;
				IPHONEOS_DEPLOYMENT_TARGET = 17.5;
				LOCALIZATION_PREFERS_STRING_CATALOGS = YES;
				MTL_ENABLE_DEBUG_INFO = NO;
				MTL_FAST_MATH = YES;
				SDKROOT = iphoneos;
				SWIFT_COMPILATION_MODE = wholemodule;
				VALIDATE_PRODUCT = YES;
			};
			name = Release;
		};
		386DBDA32C12B88C00FE3A41 /* Debug */ = {
			isa = XCBuildConfiguration;
			buildSettings = {
				ASSETCATALOG_COMPILER_APPICON_NAME = AppIcon;
				ASSETCATALOG_COMPILER_GLOBAL_ACCENT_COLOR_NAME = AccentColor;
				CODE_SIGN_STYLE = Automatic;
				CURRENT_PROJECT_VERSION = 1;
				DEVELOPMENT_ASSET_PATHS = "\"MediGuard/Preview Content\"";
				ENABLE_PREVIEWS = YES;
				GENERATE_INFOPLIST_FILE = YES;
				INFOPLIST_FILE = MediGuard/Info.plist;
				INFOPLIST_KEY_UIApplicationSceneManifest_Generation = YES;
				INFOPLIST_KEY_UIApplicationSupportsIndirectInputEvents = YES;
				INFOPLIST_KEY_UILaunchScreen_Generation = YES;
				INFOPLIST_KEY_UISupportedInterfaceOrientations_iPad = "UIInterfaceOrientationPortrait UIInterfaceOrientationPortraitUpsideDown UIInterfaceOrientationLandscapeLeft UIInterfaceOrientationLandscapeRight";
				INFOPLIST_KEY_UISupportedInterfaceOrientations_iPhone = "UIInterfaceOrientationPortrait UIInterfaceOrientationLandscapeLeft UIInterfaceOrientationLandscapeRight";
				LD_RUNPATH_SEARCH_PATHS = (
					"$(inherited)",
					"@executable_path/Frameworks",
				);
				MARKETING_VERSION = 1.0;
				PRODUCT_BUNDLE_IDENTIFIER = alvaro.MediGuard;
				PRODUCT_NAME = "$(TARGET_NAME)";
				SWIFT_EMIT_LOC_STRINGS = YES;
				SWIFT_VERSION = 5.0;
				TARGETED_DEVICE_FAMILY = "1,2";
			};
			name = Debug;
		};
		386DBDA42C12B88C00FE3A41 /* Release */ = {
			isa = XCBuildConfiguration;
			buildSettings = {
				ASSETCATALOG_COMPILER_APPICON_NAME = AppIcon;
				ASSETCATALOG_COMPILER_GLOBAL_ACCENT_COLOR_NAME = AccentColor;
				CODE_SIGN_STYLE = Automatic;
				CURRENT_PROJECT_VERSION = 1;
				DEVELOPMENT_ASSET_PATHS = "\"MediGuard/Preview Content\"";
				ENABLE_PREVIEWS = YES;
				GENERATE_INFOPLIST_FILE = YES;
				INFOPLIST_FILE = MediGuard/Info.plist;
				INFOPLIST_KEY_UIApplicationSceneManifest_Generation = YES;
				INFOPLIST_KEY_UIApplicationSupportsIndirectInputEvents = YES;
				INFOPLIST_KEY_UILaunchScreen_Generation = YES;
				INFOPLIST_KEY_UISupportedInterfaceOrientations_iPad = "UIInterfaceOrientationPortrait UIInterfaceOrientationPortraitUpsideDown UIInterfaceOrientationLandscapeLeft UIInterfaceOrientationLandscapeRight";
				INFOPLIST_KEY_UISupportedInterfaceOrientations_iPhone = "UIInterfaceOrientationPortrait UIInterfaceOrientationLandscapeLeft UIInterfaceOrientationLandscapeRight";
				LD_RUNPATH_SEARCH_PATHS = (
					"$(inherited)",
					"@executable_path/Frameworks",
				);
				MARKETING_VERSION = 1.0;
				PRODUCT_BUNDLE_IDENTIFIER = alvaro.MediGuard;
				PRODUCT_NAME = "$(TARGET_NAME)";
				SWIFT_EMIT_LOC_STRINGS = YES;
				SWIFT_VERSION = 5.0;
				TARGETED_DEVICE_FAMILY = "1,2";
			};
			name = Release;
		};
/* End XCBuildConfiguration section */

/* Begin XCConfigurationList section */
		386DBD8F2C12B88B00FE3A41 /* Build configuration list for PBXProject "MediGuard" */ = {
			isa = XCConfigurationList;
			buildConfigurations = (
				386DBDA02C12B88C00FE3A41 /* Debug */,
				386DBDA12C12B88C00FE3A41 /* Release */,
			);
			defaultConfigurationIsVisible = 0;
			defaultConfigurationName = Release;
		};
		386DBDA22C12B88C00FE3A41 /* Build configuration list for PBXNativeTarget "MediGuard" */ = {
			isa = XCConfigurationList;
			buildConfigurations = (
				386DBDA32C12B88C00FE3A41 /* Debug */,
				386DBDA42C12B88C00FE3A41 /* Release */,
			);
			defaultConfigurationIsVisible = 0;
			defaultConfigurationName = Release;
		};
/* End XCConfigurationList section */

/* Begin XCRemoteSwiftPackageReference section */
		386DBDA72C12BA8900FE3A41 /* XCRemoteSwiftPackageReference "firebase-ios-sdk" */ = {
			isa = XCRemoteSwiftPackageReference;
			repositoryURL = "https://github.com/firebase/firebase-ios-sdk";
			requirement = {
				kind = upToNextMajorVersion;
				minimumVersion = 10.27.0;
			};
		};
/* End XCRemoteSwiftPackageReference section */

/* Begin XCSwiftPackageProductDependency section */
		38A4AA4E2C15AFB3004FE7FA /* FirebaseAnalytics */ = {
			isa = XCSwiftPackageProductDependency;
			package = 386DBDA72C12BA8900FE3A41 /* XCRemoteSwiftPackageReference "firebase-ios-sdk" */;
			productName = FirebaseAnalytics;
		};
		38A4AA502C15AFB3004FE7FA /* FirebaseAnalyticsOnDeviceConversion */ = {
			isa = XCSwiftPackageProductDependency;
			package = 386DBDA72C12BA8900FE3A41 /* XCRemoteSwiftPackageReference "firebase-ios-sdk" */;
			productName = FirebaseAnalyticsOnDeviceConversion;
		};
		38A4AA522C15AFB3004FE7FA /* FirebaseAnalyticsSwift */ = {
			isa = XCSwiftPackageProductDependency;
			package = 386DBDA72C12BA8900FE3A41 /* XCRemoteSwiftPackageReference "firebase-ios-sdk" */;
			productName = FirebaseAnalyticsSwift;
		};
		38A4AA542C15AFB3004FE7FA /* FirebaseAnalyticsWithoutAdIdSupport */ = {
			isa = XCSwiftPackageProductDependency;
			package = 386DBDA72C12BA8900FE3A41 /* XCRemoteSwiftPackageReference "firebase-ios-sdk" */;
			productName = FirebaseAnalyticsWithoutAdIdSupport;
		};
		38A4AA562C15AFB3004FE7FA /* FirebaseAppCheck */ = {
			isa = XCSwiftPackageProductDependency;
			package = 386DBDA72C12BA8900FE3A41 /* XCRemoteSwiftPackageReference "firebase-ios-sdk" */;
			productName = FirebaseAppCheck;
		};
		38A4AA582C15AFB3004FE7FA /* FirebaseAppDistribution-Beta */ = {
			isa = XCSwiftPackageProductDependency;
			package = 386DBDA72C12BA8900FE3A41 /* XCRemoteSwiftPackageReference "firebase-ios-sdk" */;
			productName = "FirebaseAppDistribution-Beta";
		};
		38A4AA5A2C15AFB3004FE7FA /* FirebaseAuth */ = {
			isa = XCSwiftPackageProductDependency;
			package = 386DBDA72C12BA8900FE3A41 /* XCRemoteSwiftPackageReference "firebase-ios-sdk" */;
			productName = FirebaseAuth;
		};
		38A4AA5C2C15AFB3004FE7FA /* FirebaseAuthCombine-Community */ = {
			isa = XCSwiftPackageProductDependency;
			package = 386DBDA72C12BA8900FE3A41 /* XCRemoteSwiftPackageReference "firebase-ios-sdk" */;
			productName = "FirebaseAuthCombine-Community";
		};
		38A4AA5E2C15AFB3004FE7FA /* FirebaseCrashlytics */ = {
			isa = XCSwiftPackageProductDependency;
			package = 386DBDA72C12BA8900FE3A41 /* XCRemoteSwiftPackageReference "firebase-ios-sdk" */;
			productName = FirebaseCrashlytics;
		};
		38A4AA602C15AFB3004FE7FA /* FirebaseDatabase */ = {
			isa = XCSwiftPackageProductDependency;
			package = 386DBDA72C12BA8900FE3A41 /* XCRemoteSwiftPackageReference "firebase-ios-sdk" */;
			productName = FirebaseDatabase;
		};
		38A4AA622C15AFB3004FE7FA /* FirebaseDatabaseSwift */ = {
			isa = XCSwiftPackageProductDependency;
			package = 386DBDA72C12BA8900FE3A41 /* XCRemoteSwiftPackageReference "firebase-ios-sdk" */;
			productName = FirebaseDatabaseSwift;
		};
		38A4AA642C15AFB3004FE7FA /* FirebaseDynamicLinks */ = {
			isa = XCSwiftPackageProductDependency;
			package = 386DBDA72C12BA8900FE3A41 /* XCRemoteSwiftPackageReference "firebase-ios-sdk" */;
			productName = FirebaseDynamicLinks;
		};
		38A4AA662C15AFB3004FE7FA /* FirebaseFirestore */ = {
			isa = XCSwiftPackageProductDependency;
			package = 386DBDA72C12BA8900FE3A41 /* XCRemoteSwiftPackageReference "firebase-ios-sdk" */;
			productName = FirebaseFirestore;
		};
		38A4AA682C15AFB3004FE7FA /* FirebaseFirestoreCombine-Community */ = {
			isa = XCSwiftPackageProductDependency;
			package = 386DBDA72C12BA8900FE3A41 /* XCRemoteSwiftPackageReference "firebase-ios-sdk" */;
			productName = "FirebaseFirestoreCombine-Community";
		};
		38A4AA6A2C15AFB3004FE7FA /* FirebaseFirestoreSwift */ = {
			isa = XCSwiftPackageProductDependency;
			package = 386DBDA72C12BA8900FE3A41 /* XCRemoteSwiftPackageReference "firebase-ios-sdk" */;
			productName = FirebaseFirestoreSwift;
		};
		38A4AA6C2C15AFB3004FE7FA /* FirebaseFunctions */ = {
			isa = XCSwiftPackageProductDependency;
			package = 386DBDA72C12BA8900FE3A41 /* XCRemoteSwiftPackageReference "firebase-ios-sdk" */;
			productName = FirebaseFunctions;
		};
		38A4AA6E2C15AFB3004FE7FA /* FirebaseFunctionsCombine-Community */ = {
			isa = XCSwiftPackageProductDependency;
			package = 386DBDA72C12BA8900FE3A41 /* XCRemoteSwiftPackageReference "firebase-ios-sdk" */;
			productName = "FirebaseFunctionsCombine-Community";
		};
		38A4AA702C15AFB3004FE7FA /* FirebaseInstallations */ = {
			isa = XCSwiftPackageProductDependency;
			package = 386DBDA72C12BA8900FE3A41 /* XCRemoteSwiftPackageReference "firebase-ios-sdk" */;
			productName = FirebaseInstallations;
		};
		38A4AA722C15AFB3004FE7FA /* FirebasePerformance */ = {
			isa = XCSwiftPackageProductDependency;
			package = 386DBDA72C12BA8900FE3A41 /* XCRemoteSwiftPackageReference "firebase-ios-sdk" */;
			productName = FirebasePerformance;
		};
		38A4AA742C15AFB3004FE7FA /* FirebaseRemoteConfig */ = {
			isa = XCSwiftPackageProductDependency;
			package = 386DBDA72C12BA8900FE3A41 /* XCRemoteSwiftPackageReference "firebase-ios-sdk" */;
			productName = FirebaseRemoteConfig;
		};
		38A4AA762C15AFB3004FE7FA /* FirebaseRemoteConfigSwift */ = {
			isa = XCSwiftPackageProductDependency;
			package = 386DBDA72C12BA8900FE3A41 /* XCRemoteSwiftPackageReference "firebase-ios-sdk" */;
			productName = FirebaseRemoteConfigSwift;
		};
		38A4AA782C15AFB3004FE7FA /* FirebaseStorage */ = {
			isa = XCSwiftPackageProductDependency;
			package = 386DBDA72C12BA8900FE3A41 /* XCRemoteSwiftPackageReference "firebase-ios-sdk" */;
			productName = FirebaseStorage;
		};
		38A4AA7A2C15AFB3004FE7FA /* FirebaseStorageCombine-Community */ = {
			isa = XCSwiftPackageProductDependency;
			package = 386DBDA72C12BA8900FE3A41 /* XCRemoteSwiftPackageReference "firebase-ios-sdk" */;
			productName = "FirebaseStorageCombine-Community";
		};
/* End XCSwiftPackageProductDependency section */
	};
	rootObject = 386DBD8C2C12B88B00FE3A41 /* Project object */;
}
